PODS:
  - Nimble (3.2.0)
  - Quick (0.9.3)
  - Ramda (0.1.0)

DEPENDENCIES:
  - Nimble (~> 3.0)
  - Quick (~> 0.8)
  - Ramda (from `../`)

EXTERNAL SOURCES:
  Ramda:
    :path: "../"

SPEC CHECKSUMS:
  Nimble: 703854335d181df169bbca9c97117b5cf8c47c1d
  Quick: 13a2a2b19a5d8e3ed4fd0c36ee46597fd77ebf71
  Ramda: f425a115d38c6998b7c0c58f5369c455e4b1c6b6

PODFILE CHECKSUM: df4f964f0530b7674ca62ed9f673aa177e6884c2

COCOAPODS: 1.0.0
