PODS:
  - Ramda (0.1.0)
  - SwiftLint (0.34.0)

DEPENDENCIES:
  - Ramda (from `../`)
  - SwiftLint

SPEC REPOS:
  https://github.com/CocoaPods/Specs.git:
    - SwiftLint

EXTERNAL SOURCES:
  Ramda:
    :path: "../"

SPEC CHECKSUMS:
  Ramda: 1b61433bf5aec5a5dce0d21325f07109c6fbc4e2
  SwiftLint: 79d48a17c6565dc286c37efb8322c7b450f95c67

PODFILE CHECKSUM: 964055aaa779e87abbf3b29e6a8a2430f1223d42

COCOAPODS: 1.8.0
