PODS:
  - Fox (1.0.1)
  - Ramda (0.1.0)

DEPENDENCIES:
  - Fox (~> 1.0.0)
  - Ramda (from `../`)

EXTERNAL SOURCES:
  Ramda:
    :path: ../

SPEC CHECKSUMS:
  Fox: 804de9bf8d6101f26772b26700365c0582f6d942
  Ramda: f425a115d38c6998b7c0c58f5369c455e4b1c6b6

PODFILE CHECKSUM: 85add41a4e9e9fe42d44bd9a6d27de7a3665137e

COCOAPODS: 1.0.1
