// !$*UTF8*$!
{
	archiveVersion = 1;
	classes = {
	};
	objectVersion = 46;
	objects = {

/* Begin PBXBuildFile section */
		41EE88DB5D0EF79C54BC9A43 /* Pods_Ramda_Example.framework in Frameworks */ = {isa = PBXBuildFile; fileRef = F7F0EC9E04C44B8453C1963A /* Pods_Ramda_Example.framework */; };
		607FACD61AFB9204008FA782 /* AppDelegate.swift in Sources */ = {isa = PBXBuildFile; fileRef = 607FACD51AFB9204008FA782 /* AppDelegate.swift */; };
		607FACD81AFB9204008FA782 /* ViewController.swift in Sources */ = {isa = PBXBuildFile; fileRef = 607FACD71AFB9204008FA782 /* ViewController.swift */; };
		607FACDB1AFB9204008FA782 /* Main.storyboard in Resources */ = {isa = PBXBuildFile; fileRef = 607FACD91AFB9204008FA782 /* Main.storyboard */; };
		607FACDD1AFB9204008FA782 /* Images.xcassets in Resources */ = {isa = PBXBuildFile; fileRef = 607FACDC1AFB9204008FA782 /* Images.xcassets */; };
		607FACE01AFB9204008FA782 /* LaunchScreen.xib in Resources */ = {isa = PBXBuildFile; fileRef = 607FACDE1AFB9204008FA782 /* LaunchScreen.xib */; };
		630089D923276644002464C9 /* reduceTests.swift in Sources */ = {isa = PBXBuildFile; fileRef = 630089D823276644002464C9 /* reduceTests.swift */; };
		6310AD1D23223E1E008FCAC0 /* anyPassTests.swift in Sources */ = {isa = PBXBuildFile; fileRef = 6310AD1B23223DAE008FCAC0 /* anyPassTests.swift */; };
		6311D321231825A900DE99AF /* addTests.swift in Sources */ = {isa = PBXBuildFile; fileRef = 6311D31F2318258300DE99AF /* addTests.swift */; };
		6311D323231825CB00DE99AF /* mapTests.swift in Sources */ = {isa = PBXBuildFile; fileRef = 6311D322231825CB00DE99AF /* mapTests.swift */; };
		6311D3292318276F00DE99AF /* addIndexTests.swift in Sources */ = {isa = PBXBuildFile; fileRef = 6311D3282318276F00DE99AF /* addIndexTests.swift */; };
		6311D32D2318280600DE99AF /* adjustTests.swift in Sources */ = {isa = PBXBuildFile; fileRef = 6311D32C2318280600DE99AF /* adjustTests.swift */; };
		6311D3312318290400DE99AF /* allTests.swift in Sources */ = {isa = PBXBuildFile; fileRef = 6311D3302318290400DE99AF /* allTests.swift */; };
		6311D33523182A2A00DE99AF /* allPassTests.swift in Sources */ = {isa = PBXBuildFile; fileRef = 6311D33423182A2A00DE99AF /* allPassTests.swift */; };
		6311D33923182ACD00DE99AF /* applyTests.swift in Sources */ = {isa = PBXBuildFile; fileRef = 6311D33823182ACD00DE99AF /* applyTests.swift */; };
		635BDC9F231ED89300F8A314 /* concatTests.swift in Sources */ = {isa = PBXBuildFile; fileRef = 635BDC9D231ED86D00F8A314 /* concatTests.swift */; };
		638965F42328BE8700619FA7 /* apTests.swift in Sources */ = {isa = PBXBuildFile; fileRef = 638965F22328BE2600619FA7 /* apTests.swift */; };
		63DA4266231AC29B00315FD7 /* rangeTests.swift in Sources */ = {isa = PBXBuildFile; fileRef = 63DA4265231AC29B00315FD7 /* rangeTests.swift */; };
		63DA4272231AC37C00315FD7 /* IdentityTests.swift in Sources */ = {isa = PBXBuildFile; fileRef = 63DA4271231AC37C00315FD7 /* IdentityTests.swift */; };
		63DA4274231AC3C000315FD7 /* timeTests.swift in Sources */ = {isa = PBXBuildFile; fileRef = 63DA4273231AC3C000315FD7 /* timeTests.swift */; };
		63DA4276231AC3EF00315FD7 /* alwaysTests.swift in Sources */ = {isa = PBXBuildFile; fileRef = 63DA4275231AC3EF00315FD7 /* alwaysTests.swift */; };
		63DA4278231AC3FB00315FD7 /* repeatTests.swift in Sources */ = {isa = PBXBuildFile; fileRef = 63DA4277231AC3FB00315FD7 /* repeatTests.swift */; };
		63DA427A231AC40B00315FD7 /* propTests.swift in Sources */ = {isa = PBXBuildFile; fileRef = 63DA4279231AC40B00315FD7 /* propTests.swift */; };
		63DA427E231D703700315FD7 /* andTests.swift in Sources */ = {isa = PBXBuildFile; fileRef = 63DA427D231D703700315FD7 /* andTests.swift */; };
		63DC8036231FEACE00511D91 /* anyTests.swift in Sources */ = {isa = PBXBuildFile; fileRef = 63DC8034231FEAC500511D91 /* anyTests.swift */; };
		63F2E4F0232936D600768E6F /* appendTests.swift in Sources */ = {isa = PBXBuildFile; fileRef = 63F2E4EF232936D600768E6F /* appendTests.swift */; };
		63F2E4F22329372300768E6F /* prependTests.swift in Sources */ = {isa = PBXBuildFile; fileRef = 63F2E4F12329372300768E6F /* prependTests.swift */; };
		6DA8000822DEE39E009D0FFA /* pluckTests.swift in Sources */ = {isa = PBXBuildFile; fileRef = 6DA8000722DEE39E009D0FFA /* pluckTests.swift */; };
		6DA8000D22DFFF37009D0FFA /* nthTests.swift in Sources */ = {isa = PBXBuildFile; fileRef = 6DA8000C22DFFF37009D0FFA /* nthTests.swift */; };
		6DA8001122E002B3009D0FFA /* pickTests.swift in Sources */ = {isa = PBXBuildFile; fileRef = 6DA8001022E002B3009D0FFA /* pickTests.swift */; };
		6DA8001522E00916009D0FFA /* defaultToTests.swift in Sources */ = {isa = PBXBuildFile; fileRef = 6DA8001422E00916009D0FFA /* defaultToTests.swift */; };
		6DA8001922E00AB0009D0FFA /* propOrTests.swift in Sources */ = {isa = PBXBuildFile; fileRef = 6DA8001822E00AB0009D0FFA /* propOrTests.swift */; };
		6DA8001D22E01B89009D0FFA /* zipTests.swift in Sources */ = {isa = PBXBuildFile; fileRef = 6DA8001C22E01B89009D0FFA /* zipTests.swift */; };
		FC23D6D685BC12AF880E20E9 /* Pods_Ramda_Tests.framework in Frameworks */ = {isa = PBXBuildFile; fileRef = ADA96E82B5A5067718785481 /* Pods_Ramda_Tests.framework */; };
/* End PBXBuildFile section */

/* Begin PBXContainerItemProxy section */
		607FACE61AFB9204008FA782 /* PBXContainerItemProxy */ = {
			isa = PBXContainerItemProxy;
			containerPortal = 607FACC81AFB9204008FA782 /* Project object */;
			proxyType = 1;
			remoteGlobalIDString = 607FACCF1AFB9204008FA782;
			remoteInfo = Ramda;
		};
/* End PBXContainerItemProxy section */

/* Begin PBXFileReference section */
		607FACD01AFB9204008FA782 /* Ramda_Example.app */ = {isa = PBXFileReference; explicitFileType = wrapper.application; includeInIndex = 0; path = Ramda_Example.app; sourceTree = BUILT_PRODUCTS_DIR; };
		607FACD41AFB9204008FA782 /* Info.plist */ = {isa = PBXFileReference; lastKnownFileType = text.plist.xml; path = Info.plist; sourceTree = "<group>"; };
		607FACD51AFB9204008FA782 /* AppDelegate.swift */ = {isa = PBXFileReference; lastKnownFileType = sourcecode.swift; path = AppDelegate.swift; sourceTree = "<group>"; };
		607FACD71AFB9204008FA782 /* ViewController.swift */ = {isa = PBXFileReference; lastKnownFileType = sourcecode.swift; path = ViewController.swift; sourceTree = "<group>"; };
		607FACDA1AFB9204008FA782 /* Base */ = {isa = PBXFileReference; lastKnownFileType = file.storyboard; name = Base; path = Base.lproj/Main.storyboard; sourceTree = "<group>"; };
		607FACDC1AFB9204008FA782 /* Images.xcassets */ = {isa = PBXFileReference; lastKnownFileType = folder.assetcatalog; path = Images.xcassets; sourceTree = "<group>"; };
		607FACDF1AFB9204008FA782 /* Base */ = {isa = PBXFileReference; lastKnownFileType = file.xib; name = Base; path = Base.lproj/LaunchScreen.xib; sourceTree = "<group>"; };
		607FACE51AFB9204008FA782 /* Ramda_Tests.xctest */ = {isa = PBXFileReference; explicitFileType = wrapper.cfbundle; includeInIndex = 0; path = Ramda_Tests.xctest; sourceTree = BUILT_PRODUCTS_DIR; };
		607FACEA1AFB9204008FA782 /* Info.plist */ = {isa = PBXFileReference; lastKnownFileType = text.plist.xml; path = Info.plist; sourceTree = "<group>"; };
		610FE13897F31E333C93B5FB /* Pods-Ramda_Example.debug.xcconfig */ = {isa = PBXFileReference; includeInIndex = 1; lastKnownFileType = text.xcconfig; name = "Pods-Ramda_Example.debug.xcconfig"; path = "Target Support Files/Pods-Ramda_Example/Pods-Ramda_Example.debug.xcconfig"; sourceTree = "<group>"; };
		630089D823276644002464C9 /* reduceTests.swift */ = {isa = PBXFileReference; lastKnownFileType = sourcecode.swift; path = reduceTests.swift; sourceTree = "<group>"; };
		6310AD1B23223DAE008FCAC0 /* anyPassTests.swift */ = {isa = PBXFileReference; lastKnownFileType = sourcecode.swift; path = anyPassTests.swift; sourceTree = "<group>"; };
		6311D31F2318258300DE99AF /* addTests.swift */ = {isa = PBXFileReference; lastKnownFileType = sourcecode.swift; path = addTests.swift; sourceTree = "<group>"; };
		6311D322231825CB00DE99AF /* mapTests.swift */ = {isa = PBXFileReference; lastKnownFileType = sourcecode.swift; path = mapTests.swift; sourceTree = "<group>"; };
		6311D3282318276F00DE99AF /* addIndexTests.swift */ = {isa = PBXFileReference; lastKnownFileType = sourcecode.swift; path = addIndexTests.swift; sourceTree = "<group>"; };
		6311D32C2318280600DE99AF /* adjustTests.swift */ = {isa = PBXFileReference; lastKnownFileType = sourcecode.swift; path = adjustTests.swift; sourceTree = "<group>"; };
		6311D3302318290400DE99AF /* allTests.swift */ = {isa = PBXFileReference; lastKnownFileType = sourcecode.swift; path = allTests.swift; sourceTree = "<group>"; };
		6311D33423182A2A00DE99AF /* allPassTests.swift */ = {isa = PBXFileReference; lastKnownFileType = sourcecode.swift; path = allPassTests.swift; sourceTree = "<group>"; };
		6311D33823182ACD00DE99AF /* applyTests.swift */ = {isa = PBXFileReference; lastKnownFileType = sourcecode.swift; path = applyTests.swift; sourceTree = "<group>"; };
		635BDC9D231ED86D00F8A314 /* concatTests.swift */ = {isa = PBXFileReference; lastKnownFileType = sourcecode.swift; path = concatTests.swift; sourceTree = "<group>"; };
		638965F22328BE2600619FA7 /* apTests.swift */ = {isa = PBXFileReference; lastKnownFileType = sourcecode.swift; path = apTests.swift; sourceTree = "<group>"; };
		63DA4265231AC29B00315FD7 /* rangeTests.swift */ = {isa = PBXFileReference; lastKnownFileType = sourcecode.swift; path = rangeTests.swift; sourceTree = "<group>"; };
		63DA4271231AC37C00315FD7 /* IdentityTests.swift */ = {isa = PBXFileReference; lastKnownFileType = sourcecode.swift; path = IdentityTests.swift; sourceTree = "<group>"; };
		63DA4273231AC3C000315FD7 /* timeTests.swift */ = {isa = PBXFileReference; lastKnownFileType = sourcecode.swift; path = timeTests.swift; sourceTree = "<group>"; };
		63DA4275231AC3EF00315FD7 /* alwaysTests.swift */ = {isa = PBXFileReference; lastKnownFileType = sourcecode.swift; path = alwaysTests.swift; sourceTree = "<group>"; };
		63DA4277231AC3FB00315FD7 /* repeatTests.swift */ = {isa = PBXFileReference; lastKnownFileType = sourcecode.swift; path = repeatTests.swift; sourceTree = "<group>"; };
		63DA4279231AC40B00315FD7 /* propTests.swift */ = {isa = PBXFileReference; lastKnownFileType = sourcecode.swift; path = propTests.swift; sourceTree = "<group>"; };
		63DA427D231D703700315FD7 /* andTests.swift */ = {isa = PBXFileReference; lastKnownFileType = sourcecode.swift; path = andTests.swift; sourceTree = "<group>"; };
		63DC8034231FEAC500511D91 /* anyTests.swift */ = {isa = PBXFileReference; lastKnownFileType = sourcecode.swift; path = anyTests.swift; sourceTree = "<group>"; };
		63F2E4EF232936D600768E6F /* appendTests.swift */ = {isa = PBXFileReference; lastKnownFileType = sourcecode.swift; path = appendTests.swift; sourceTree = "<group>"; };
		63F2E4F12329372300768E6F /* prependTests.swift */ = {isa = PBXFileReference; lastKnownFileType = sourcecode.swift; path = prependTests.swift; sourceTree = "<group>"; };
		6DA8000722DEE39E009D0FFA /* pluckTests.swift */ = {isa = PBXFileReference; lastKnownFileType = sourcecode.swift; path = pluckTests.swift; sourceTree = "<group>"; };
		6DA8000C22DFFF37009D0FFA /* nthTests.swift */ = {isa = PBXFileReference; fileEncoding = 4; lastKnownFileType = sourcecode.swift; path = nthTests.swift; sourceTree = "<group>"; };
		6DA8001022E002B3009D0FFA /* pickTests.swift */ = {isa = PBXFileReference; fileEncoding = 4; lastKnownFileType = sourcecode.swift; path = pickTests.swift; sourceTree = "<group>"; };
		6DA8001422E00916009D0FFA /* defaultToTests.swift */ = {isa = PBXFileReference; fileEncoding = 4; lastKnownFileType = sourcecode.swift; path = defaultToTests.swift; sourceTree = "<group>"; };
		6DA8001822E00AB0009D0FFA /* propOrTests.swift */ = {isa = PBXFileReference; fileEncoding = 4; lastKnownFileType = sourcecode.swift; path = propOrTests.swift; sourceTree = "<group>"; };
		6DA8001C22E01B89009D0FFA /* zipTests.swift */ = {isa = PBXFileReference; fileEncoding = 4; lastKnownFileType = sourcecode.swift; path = zipTests.swift; sourceTree = "<group>"; };
		8784ADD68CC1B725152B350E /* Pods-Ramda_Tests.debug.xcconfig */ = {isa = PBXFileReference; includeInIndex = 1; lastKnownFileType = text.xcconfig; name = "Pods-Ramda_Tests.debug.xcconfig"; path = "Target Support Files/Pods-Ramda_Tests/Pods-Ramda_Tests.debug.xcconfig"; sourceTree = "<group>"; };
		966FDF159DBFB2354A38BE34 /* Pods-Ramda_Tests.release.xcconfig */ = {isa = PBXFileReference; includeInIndex = 1; lastKnownFileType = text.xcconfig; name = "Pods-Ramda_Tests.release.xcconfig"; path = "Target Support Files/Pods-Ramda_Tests/Pods-Ramda_Tests.release.xcconfig"; sourceTree = "<group>"; };
		ADA96E82B5A5067718785481 /* Pods_Ramda_Tests.framework */ = {isa = PBXFileReference; explicitFileType = wrapper.framework; includeInIndex = 0; path = Pods_Ramda_Tests.framework; sourceTree = BUILT_PRODUCTS_DIR; };
		C10AA41856A55BF71F0E26F5 /* LICENSE */ = {isa = PBXFileReference; includeInIndex = 1; lastKnownFileType = text; name = LICENSE; path = ../LICENSE; sourceTree = "<group>"; };
		C15DF3B7188A756D43599B1B /* README.md */ = {isa = PBXFileReference; includeInIndex = 1; lastKnownFileType = net.daringfireball.markdown; name = README.md; path = ../README.md; sourceTree = "<group>"; };
		EA4578BE36F637D2BCA00B73 /* Pods-Ramda_Example.release.xcconfig */ = {isa = PBXFileReference; includeInIndex = 1; lastKnownFileType = text.xcconfig; name = "Pods-Ramda_Example.release.xcconfig"; path = "Target Support Files/Pods-Ramda_Example/Pods-Ramda_Example.release.xcconfig"; sourceTree = "<group>"; };
		EE1791CE7E3AC1BE4EF573AC /* Ramda.podspec */ = {isa = PBXFileReference; includeInIndex = 1; lastKnownFileType = text; name = Ramda.podspec; path = ../Ramda.podspec; sourceTree = "<group>"; };
		F7F0EC9E04C44B8453C1963A /* Pods_Ramda_Example.framework */ = {isa = PBXFileReference; explicitFileType = wrapper.framework; includeInIndex = 0; path = Pods_Ramda_Example.framework; sourceTree = BUILT_PRODUCTS_DIR; };
/* End PBXFileReference section */

/* Begin PBXFrameworksBuildPhase section */
		607FACCD1AFB9204008FA782 /* Frameworks */ = {
			isa = PBXFrameworksBuildPhase;
			buildActionMask = 2147483647;
			files = (
				41EE88DB5D0EF79C54BC9A43 /* Pods_Ramda_Example.framework in Frameworks */,
			);
			runOnlyForDeploymentPostprocessing = 0;
		};
		607FACE21AFB9204008FA782 /* Frameworks */ = {
			isa = PBXFrameworksBuildPhase;
			buildActionMask = 2147483647;
			files = (
				FC23D6D685BC12AF880E20E9 /* Pods_Ramda_Tests.framework in Frameworks */,
			);
			runOnlyForDeploymentPostprocessing = 0;
		};
/* End PBXFrameworksBuildPhase section */

/* Begin PBXGroup section */
		1809C677333EB8AAC2B41A68 /* Pods */ = {
			isa = PBXGroup;
			children = (
				610FE13897F31E333C93B5FB /* Pods-Ramda_Example.debug.xcconfig */,
				EA4578BE36F637D2BCA00B73 /* Pods-Ramda_Example.release.xcconfig */,
				8784ADD68CC1B725152B350E /* Pods-Ramda_Tests.debug.xcconfig */,
				966FDF159DBFB2354A38BE34 /* Pods-Ramda_Tests.release.xcconfig */,
			);
			path = Pods;
			sourceTree = "<group>";
		};
		607FACC71AFB9204008FA782 = {
			isa = PBXGroup;
			children = (
				607FACF51AFB993E008FA782 /* Podspec Metadata */,
				607FACD21AFB9204008FA782 /* Example for Ramda */,
				607FACE81AFB9204008FA782 /* Tests */,
				607FACD11AFB9204008FA782 /* Products */,
				1809C677333EB8AAC2B41A68 /* Pods */,
				6645DFB46151D50AA2DC6479 /* Frameworks */,
			);
			sourceTree = "<group>";
		};
		607FACD11AFB9204008FA782 /* Products */ = {
			isa = PBXGroup;
			children = (
				607FACD01AFB9204008FA782 /* Ramda_Example.app */,
				607FACE51AFB9204008FA782 /* Ramda_Tests.xctest */,
			);
			name = Products;
			sourceTree = "<group>";
		};
		607FACD21AFB9204008FA782 /* Example for Ramda */ = {
			isa = PBXGroup;
			children = (
				607FACD51AFB9204008FA782 /* AppDelegate.swift */,
				607FACD71AFB9204008FA782 /* ViewController.swift */,
				607FACD91AFB9204008FA782 /* Main.storyboard */,
				607FACDC1AFB9204008FA782 /* Images.xcassets */,
				607FACDE1AFB9204008FA782 /* LaunchScreen.xib */,
				607FACD31AFB9204008FA782 /* Supporting Files */,
			);
			name = "Example for Ramda";
			path = Ramda;
			sourceTree = "<group>";
		};
		607FACD31AFB9204008FA782 /* Supporting Files */ = {
			isa = PBXGroup;
			children = (
				607FACD41AFB9204008FA782 /* Info.plist */,
			);
			name = "Supporting Files";
			sourceTree = "<group>";
		};
		607FACE81AFB9204008FA782 /* Tests */ = {
			isa = PBXGroup;
			children = (
				6DA8000722DEE39E009D0FFA /* pluckTests.swift */,
				6DA8001C22E01B89009D0FFA /* zipTests.swift */,
				6DA8001822E00AB0009D0FFA /* propOrTests.swift */,
				6DA8001022E002B3009D0FFA /* pickTests.swift */,
				6DA8000C22DFFF37009D0FFA /* nthTests.swift */,
				6DA8001422E00916009D0FFA /* defaultToTests.swift */,
				6311D31F2318258300DE99AF /* addTests.swift */,
				6311D322231825CB00DE99AF /* mapTests.swift */,
				6311D3282318276F00DE99AF /* addIndexTests.swift */,
				6311D32C2318280600DE99AF /* adjustTests.swift */,
				6311D3302318290400DE99AF /* allTests.swift */,
				6311D33423182A2A00DE99AF /* allPassTests.swift */,
				6311D33823182ACD00DE99AF /* applyTests.swift */,
				63DA4265231AC29B00315FD7 /* rangeTests.swift */,
				63DA4271231AC37C00315FD7 /* IdentityTests.swift */,
				63DA4273231AC3C000315FD7 /* timeTests.swift */,
				63DA4275231AC3EF00315FD7 /* alwaysTests.swift */,
				63DA4277231AC3FB00315FD7 /* repeatTests.swift */,
				63DA4279231AC40B00315FD7 /* propTests.swift */,
				63DA427D231D703700315FD7 /* andTests.swift */,
				635BDC9D231ED86D00F8A314 /* concatTests.swift */,
				63DC8034231FEAC500511D91 /* anyTests.swift */,
				6310AD1B23223DAE008FCAC0 /* anyPassTests.swift */,
				630089D823276644002464C9 /* reduceTests.swift */,
				638965F22328BE2600619FA7 /* apTests.swift */,
				63F2E4EF232936D600768E6F /* appendTests.swift */,
				63F2E4F12329372300768E6F /* prependTests.swift */,
				607FACE91AFB9204008FA782 /* Supporting Files */,
			);
			path = Tests;
			sourceTree = "<group>";
		};
		607FACE91AFB9204008FA782 /* Supporting Files */ = {
			isa = PBXGroup;
			children = (
				607FACEA1AFB9204008FA782 /* Info.plist */,
			);
			name = "Supporting Files";
			sourceTree = "<group>";
		};
		607FACF51AFB993E008FA782 /* Podspec Metadata */ = {
			isa = PBXGroup;
			children = (
				EE1791CE7E3AC1BE4EF573AC /* Ramda.podspec */,
				C15DF3B7188A756D43599B1B /* README.md */,
				C10AA41856A55BF71F0E26F5 /* LICENSE */,
			);
			name = "Podspec Metadata";
			sourceTree = "<group>";
		};
		6645DFB46151D50AA2DC6479 /* Frameworks */ = {
			isa = PBXGroup;
			children = (
				F7F0EC9E04C44B8453C1963A /* Pods_Ramda_Example.framework */,
				ADA96E82B5A5067718785481 /* Pods_Ramda_Tests.framework */,
			);
			name = Frameworks;
			sourceTree = "<group>";
		};
/* End PBXGroup section */

/* Begin PBXNativeTarget section */
		607FACCF1AFB9204008FA782 /* Ramda_Example */ = {
			isa = PBXNativeTarget;
			buildConfigurationList = 607FACEF1AFB9204008FA782 /* Build configuration list for PBXNativeTarget "Ramda_Example" */;
			buildPhases = (
				4BBEA15323F199571690898A /* [CP] Check Pods Manifest.lock */,
				607FACCC1AFB9204008FA782 /* Sources */,
				607FACCD1AFB9204008FA782 /* Frameworks */,
				607FACCE1AFB9204008FA782 /* Resources */,
				D9C24C64EFC602ED6D82435B /* [CP] Embed Pods Frameworks */,
				63DB3F7B2318095F001D8C04 /* SwiftLint */,
			);
			buildRules = (
			);
			dependencies = (
			);
			name = Ramda_Example;
			productName = Ramda;
			productReference = 607FACD01AFB9204008FA782 /* Ramda_Example.app */;
			productType = "com.apple.product-type.application";
		};
		607FACE41AFB9204008FA782 /* Ramda_Tests */ = {
			isa = PBXNativeTarget;
			buildConfigurationList = 607FACF21AFB9204008FA782 /* Build configuration list for PBXNativeTarget "Ramda_Tests" */;
			buildPhases = (
				28F800B5D9EC08B0DCD62163 /* [CP] Check Pods Manifest.lock */,
				607FACE11AFB9204008FA782 /* Sources */,
				607FACE21AFB9204008FA782 /* Frameworks */,
				607FACE31AFB9204008FA782 /* Resources */,
				E7340920EED5754DD502F3C8 /* [CP] Embed Pods Frameworks */,
			);
			buildRules = (
			);
			dependencies = (
				607FACE71AFB9204008FA782 /* PBXTargetDependency */,
			);
			name = Ramda_Tests;
			productName = Tests;
			productReference = 607FACE51AFB9204008FA782 /* Ramda_Tests.xctest */;
			productType = "com.apple.product-type.bundle.unit-test";
		};
/* End PBXNativeTarget section */

/* Begin PBXProject section */
		607FACC81AFB9204008FA782 /* Project object */ = {
			isa = PBXProject;
			attributes = {
				LastSwiftUpdateCheck = 0830;
				LastUpgradeCheck = 0830;
				ORGANIZATIONNAME = CocoaPods;
				TargetAttributes = {
					607FACCF1AFB9204008FA782 = {
						CreatedOnToolsVersion = 6.3.1;
						LastSwiftMigration = 0900;
					};
					607FACE41AFB9204008FA782 = {
						CreatedOnToolsVersion = 6.3.1;
						LastSwiftMigration = 0900;
						TestTargetID = 607FACCF1AFB9204008FA782;
					};
				};
			};
			buildConfigurationList = 607FACCB1AFB9204008FA782 /* Build configuration list for PBXProject "Ramda" */;
			compatibilityVersion = "Xcode 3.2";
			developmentRegion = English;
			hasScannedForEncodings = 0;
			knownRegions = (
				English,
				en,
				Base,
			);
			mainGroup = 607FACC71AFB9204008FA782;
			productRefGroup = 607FACD11AFB9204008FA782 /* Products */;
			projectDirPath = "";
			projectRoot = "";
			targets = (
				607FACCF1AFB9204008FA782 /* Ramda_Example */,
				607FACE41AFB9204008FA782 /* Ramda_Tests */,
			);
		};
/* End PBXProject section */

/* Begin PBXResourcesBuildPhase section */
		607FACCE1AFB9204008FA782 /* Resources */ = {
			isa = PBXResourcesBuildPhase;
			buildActionMask = 2147483647;
			files = (
				607FACDB1AFB9204008FA782 /* Main.storyboard in Resources */,
				607FACE01AFB9204008FA782 /* LaunchScreen.xib in Resources */,
				607FACDD1AFB9204008FA782 /* Images.xcassets in Resources */,
			);
			runOnlyForDeploymentPostprocessing = 0;
		};
		607FACE31AFB9204008FA782 /* Resources */ = {
			isa = PBXResourcesBuildPhase;
			buildActionMask = 2147483647;
			files = (
			);
			runOnlyForDeploymentPostprocessing = 0;
		};
/* End PBXResourcesBuildPhase section */

/* Begin PBXShellScriptBuildPhase section */
		28F800B5D9EC08B0DCD62163 /* [CP] Check Pods Manifest.lock */ = {
			isa = PBXShellScriptBuildPhase;
			buildActionMask = 2147483647;
			files = (
			);
			inputFileListPaths = (
			);
			inputPaths = (
				"${PODS_PODFILE_DIR_PATH}/Podfile.lock",
				"${PODS_ROOT}/Manifest.lock",
			);
			name = "[CP] Check Pods Manifest.lock";
			outputFileListPaths = (
			);
			outputPaths = (
				"$(DERIVED_FILE_DIR)/Pods-Ramda_Tests-checkManifestLockResult.txt",
			);
			runOnlyForDeploymentPostprocessing = 0;
			shellPath = /bin/sh;
			shellScript = "diff \"${PODS_PODFILE_DIR_PATH}/Podfile.lock\" \"${PODS_ROOT}/Manifest.lock\" > /dev/null\nif [ $? != 0 ] ; then\n    # print error to STDERR\n    echo \"error: The sandbox is not in sync with the Podfile.lock. Run 'pod install' or update your CocoaPods installation.\" >&2\n    exit 1\nfi\n# This output is used by Xcode 'outputs' to avoid re-running this script phase.\necho \"SUCCESS\" > \"${SCRIPT_OUTPUT_FILE_0}\"\n";
			showEnvVarsInLog = 0;
		};
		4BBEA15323F199571690898A /* [CP] Check Pods Manifest.lock */ = {
			isa = PBXShellScriptBuildPhase;
			buildActionMask = 2147483647;
			files = (
			);
			inputFileListPaths = (
			);
			inputPaths = (
				"${PODS_PODFILE_DIR_PATH}/Podfile.lock",
				"${PODS_ROOT}/Manifest.lock",
			);
			name = "[CP] Check Pods Manifest.lock";
			outputFileListPaths = (
			);
			outputPaths = (
				"$(DERIVED_FILE_DIR)/Pods-Ramda_Example-checkManifestLockResult.txt",
			);
			runOnlyForDeploymentPostprocessing = 0;
			shellPath = /bin/sh;
			shellScript = "diff \"${PODS_PODFILE_DIR_PATH}/Podfile.lock\" \"${PODS_ROOT}/Manifest.lock\" > /dev/null\nif [ $? != 0 ] ; then\n    # print error to STDERR\n    echo \"error: The sandbox is not in sync with the Podfile.lock. Run 'pod install' or update your CocoaPods installation.\" >&2\n    exit 1\nfi\n# This output is used by Xcode 'outputs' to avoid re-running this script phase.\necho \"SUCCESS\" > \"${SCRIPT_OUTPUT_FILE_0}\"\n";
			showEnvVarsInLog = 0;
		};
		63DB3F7B2318095F001D8C04 /* SwiftLint */ = {
			isa = PBXShellScriptBuildPhase;
			buildActionMask = 2147483647;
			files = (
			);
			inputFileListPaths = (
			);
			inputPaths = (
			);
			name = SwiftLint;
			outputFileListPaths = (
			);
			outputPaths = (
			);
			runOnlyForDeploymentPostprocessing = 0;
			shellPath = /bin/sh;
			shellScript = "# Type a script or drag a script file from your workspace to insert its path.\ncd .. && \"${PODS_ROOT}/SwiftLint/swiftlint\"\n";
		};
		D9C24C64EFC602ED6D82435B /* [CP] Embed Pods Frameworks */ = {
			isa = PBXShellScriptBuildPhase;
			buildActionMask = 2147483647;
			files = (
			);
			inputPaths = (
				"${PODS_ROOT}/Target Support Files/Pods-Ramda_Example/Pods-Ramda_Example-frameworks.sh",
				"${BUILT_PRODUCTS_DIR}/Ramda/Ramda.framework",
			);
			name = "[CP] Embed Pods Frameworks";
			outputPaths = (
				"${TARGET_BUILD_DIR}/${FRAMEWORKS_FOLDER_PATH}/Ramda.framework",
			);
			runOnlyForDeploymentPostprocessing = 0;
			shellPath = /bin/sh;
			shellScript = "\"${PODS_ROOT}/Target Support Files/Pods-Ramda_Example/Pods-Ramda_Example-frameworks.sh\"\n";
			showEnvVarsInLog = 0;
		};
		E7340920EED5754DD502F3C8 /* [CP] Embed Pods Frameworks */ = {
			isa = PBXShellScriptBuildPhase;
			buildActionMask = 2147483647;
			files = (
			);
			inputPaths = (
				"${PODS_ROOT}/Target Support Files/Pods-Ramda_Tests/Pods-Ramda_Tests-frameworks.sh",
				"${BUILT_PRODUCTS_DIR}/Ramda/Ramda.framework",
			);
			name = "[CP] Embed Pods Frameworks";
			outputPaths = (
				"${TARGET_BUILD_DIR}/${FRAMEWORKS_FOLDER_PATH}/Ramda.framework",
			);
			runOnlyForDeploymentPostprocessing = 0;
			shellPath = /bin/sh;
			shellScript = "\"${PODS_ROOT}/Target Support Files/Pods-Ramda_Tests/Pods-Ramda_Tests-frameworks.sh\"\n";
			showEnvVarsInLog = 0;
		};
/* End PBXShellScriptBuildPhase section */

/* Begin PBXSourcesBuildPhase section */
		607FACCC1AFB9204008FA782 /* Sources */ = {
			isa = PBXSourcesBuildPhase;
			buildActionMask = 2147483647;
			files = (
				607FACD81AFB9204008FA782 /* ViewController.swift in Sources */,
				607FACD61AFB9204008FA782 /* AppDelegate.swift in Sources */,
			);
			runOnlyForDeploymentPostprocessing = 0;
		};
		607FACE11AFB9204008FA782 /* Sources */ = {
			isa = PBXSourcesBuildPhase;
			buildActionMask = 2147483647;
			files = (
				63DA4276231AC3EF00315FD7 /* alwaysTests.swift in Sources */,
				6DA8001122E002B3009D0FFA /* pickTests.swift in Sources */,
				635BDC9F231ED89300F8A314 /* concatTests.swift in Sources */,
				63F2E4F0232936D600768E6F /* appendTests.swift in Sources */,
				6311D32D2318280600DE99AF /* adjustTests.swift in Sources */,
				638965F42328BE8700619FA7 /* apTests.swift in Sources */,
				6311D323231825CB00DE99AF /* mapTests.swift in Sources */,
				63DA4274231AC3C000315FD7 /* timeTests.swift in Sources */,
				6311D33523182A2A00DE99AF /* allPassTests.swift in Sources */,
				63DA427A231AC40B00315FD7 /* propTests.swift in Sources */,
				63DA4266231AC29B00315FD7 /* rangeTests.swift in Sources */,
				6DA8000822DEE39E009D0FFA /* pluckTests.swift in Sources */,
				6DA8001522E00916009D0FFA /* defaultToTests.swift in Sources */,
				6310AD1D23223E1E008FCAC0 /* anyPassTests.swift in Sources */,
				6311D3312318290400DE99AF /* allTests.swift in Sources */,
				63DA427E231D703700315FD7 /* andTests.swift in Sources */,
				6DA8001922E00AB0009D0FFA /* propOrTests.swift in Sources */,
				63DC8036231FEACE00511D91 /* anyTests.swift in Sources */,
				6311D33923182ACD00DE99AF /* applyTests.swift in Sources */,
				6DA8001D22E01B89009D0FFA /* zipTests.swift in Sources */,
				63F2E4F22329372300768E6F /* prependTests.swift in Sources */,
				63DA4272231AC37C00315FD7 /* IdentityTests.swift in Sources */,
				6311D321231825A900DE99AF /* addTests.swift in Sources */,
				630089D923276644002464C9 /* reduceTests.swift in Sources */,
				6311D3292318276F00DE99AF /* addIndexTests.swift in Sources */,
				63DA4278231AC3FB00315FD7 /* repeatTests.swift in Sources */,
				6DA8000D22DFFF37009D0FFA /* nthTests.swift in Sources */,
			);
			runOnlyForDeploymentPostprocessing = 0;
		};
/* End PBXSourcesBuildPhase section */

/* Begin PBXTargetDependency section */
		607FACE71AFB9204008FA782 /* PBXTargetDependency */ = {
			isa = PBXTargetDependency;
			target = 607FACCF1AFB9204008FA782 /* Ramda_Example */;
			targetProxy = 607FACE61AFB9204008FA782 /* PBXContainerItemProxy */;
		};
/* End PBXTargetDependency section */

/* Begin PBXVariantGroup section */
		607FACD91AFB9204008FA782 /* Main.storyboard */ = {
			isa = PBXVariantGroup;
			children = (
				607FACDA1AFB9204008FA782 /* Base */,
			);
			name = Main.storyboard;
			sourceTree = "<group>";
		};
		607FACDE1AFB9204008FA782 /* LaunchScreen.xib */ = {
			isa = PBXVariantGroup;
			children = (
				607FACDF1AFB9204008FA782 /* Base */,
			);
			name = LaunchScreen.xib;
			sourceTree = "<group>";
		};
/* End PBXVariantGroup section */

/* Begin XCBuildConfiguration section */
		607FACED1AFB9204008FA782 /* Debug */ = {
			isa = XCBuildConfiguration;
			buildSettings = {
				ALWAYS_SEARCH_USER_PATHS = NO;
				CLANG_CXX_LANGUAGE_STANDARD = "gnu++0x";
				CLANG_CXX_LIBRARY = "libc++";
				CLANG_ENABLE_MODULES = YES;
				CLANG_ENABLE_OBJC_ARC = YES;
				CLANG_WARN_BLOCK_CAPTURE_AUTORELEASING = YES;
				CLANG_WARN_BOOL_CONVERSION = YES;
				CLANG_WARN_COMMA = YES;
				CLANG_WARN_CONSTANT_CONVERSION = YES;
				CLANG_WARN_DIRECT_OBJC_ISA_USAGE = YES_ERROR;
				CLANG_WARN_EMPTY_BODY = YES;
				CLANG_WARN_ENUM_CONVERSION = YES;
				CLANG_WARN_INFINITE_RECURSION = YES;
				CLANG_WARN_INT_CONVERSION = YES;
				CLANG_WARN_NON_LITERAL_NULL_CONVERSION = YES;
				CLANG_WARN_OBJC_LITERAL_CONVERSION = YES;
				CLANG_WARN_OBJC_ROOT_CLASS = YES_ERROR;
				CLANG_WARN_RANGE_LOOP_ANALYSIS = YES;
				CLANG_WARN_STRICT_PROTOTYPES = YES;
				CLANG_WARN_SUSPICIOUS_MOVE = YES;
				CLANG_WARN_UNREACHABLE_CODE = YES;
				CLANG_WARN__DUPLICATE_METHOD_MATCH = YES;
				"CODE_SIGN_IDENTITY[sdk=iphoneos*]" = "iPhone Developer";
				COPY_PHASE_STRIP = NO;
				DEBUG_INFORMATION_FORMAT = "dwarf-with-dsym";
				ENABLE_STRICT_OBJC_MSGSEND = YES;
				ENABLE_TESTABILITY = YES;
				GCC_C_LANGUAGE_STANDARD = gnu99;
				GCC_DYNAMIC_NO_PIC = NO;
				GCC_NO_COMMON_BLOCKS = YES;
				GCC_OPTIMIZATION_LEVEL = 0;
				GCC_PREPROCESSOR_DEFINITIONS = (
					"DEBUG=1",
					"$(inherited)",
				);
				GCC_SYMBOLS_PRIVATE_EXTERN = NO;
				GCC_WARN_64_TO_32_BIT_CONVERSION = YES;
				GCC_WARN_ABOUT_RETURN_TYPE = YES_ERROR;
				GCC_WARN_UNDECLARED_SELECTOR = YES;
				GCC_WARN_UNINITIALIZED_AUTOS = YES_AGGRESSIVE;
				GCC_WARN_UNUSED_FUNCTION = YES;
				GCC_WARN_UNUSED_VARIABLE = YES;
				IPHONEOS_DEPLOYMENT_TARGET = 9.3;
				MTL_ENABLE_DEBUG_INFO = YES;
				ONLY_ACTIVE_ARCH = YES;
				SDKROOT = iphoneos;
				SWIFT_OPTIMIZATION_LEVEL = "-Onone";
			};
			name = Debug;
		};
		607FACEE1AFB9204008FA782 /* Release */ = {
			isa = XCBuildConfiguration;
			buildSettings = {
				ALWAYS_SEARCH_USER_PATHS = NO;
				CLANG_CXX_LANGUAGE_STANDARD = "gnu++0x";
				CLANG_CXX_LIBRARY = "libc++";
				CLANG_ENABLE_MODULES = YES;
				CLANG_ENABLE_OBJC_ARC = YES;
				CLANG_WARN_BLOCK_CAPTURE_AUTORELEASING = YES;
				CLANG_WARN_BOOL_CONVERSION = YES;
				CLANG_WARN_COMMA = YES;
				CLANG_WARN_CONSTANT_CONVERSION = YES;
				CLANG_WARN_DIRECT_OBJC_ISA_USAGE = YES_ERROR;
				CLANG_WARN_EMPTY_BODY = YES;
				CLANG_WARN_ENUM_CONVERSION = YES;
				CLANG_WARN_INFINITE_RECURSION = YES;
				CLANG_WARN_INT_CONVERSION = YES;
				CLANG_WARN_NON_LITERAL_NULL_CONVERSION = YES;
				CLANG_WARN_OBJC_LITERAL_CONVERSION = YES;
				CLANG_WARN_OBJC_ROOT_CLASS = YES_ERROR;
				CLANG_WARN_RANGE_LOOP_ANALYSIS = YES;
				CLANG_WARN_STRICT_PROTOTYPES = YES;
				CLANG_WARN_SUSPICIOUS_MOVE = YES;
				CLANG_WARN_UNREACHABLE_CODE = YES;
				CLANG_WARN__DUPLICATE_METHOD_MATCH = YES;
				"CODE_SIGN_IDENTITY[sdk=iphoneos*]" = "iPhone Developer";
				COPY_PHASE_STRIP = NO;
				DEBUG_INFORMATION_FORMAT = "dwarf-with-dsym";
				ENABLE_NS_ASSERTIONS = NO;
				ENABLE_STRICT_OBJC_MSGSEND = YES;
				GCC_C_LANGUAGE_STANDARD = gnu99;
				GCC_NO_COMMON_BLOCKS = YES;
				GCC_WARN_64_TO_32_BIT_CONVERSION = YES;
				GCC_WARN_ABOUT_RETURN_TYPE = YES_ERROR;
				GCC_WARN_UNDECLARED_SELECTOR = YES;
				GCC_WARN_UNINITIALIZED_AUTOS = YES_AGGRESSIVE;
				GCC_WARN_UNUSED_FUNCTION = YES;
				GCC_WARN_UNUSED_VARIABLE = YES;
				IPHONEOS_DEPLOYMENT_TARGET = 9.3;
				MTL_ENABLE_DEBUG_INFO = NO;
				SDKROOT = iphoneos;
				SWIFT_OPTIMIZATION_LEVEL = "-Owholemodule";
				VALIDATE_PRODUCT = YES;
			};
			name = Release;
		};
		607FACF01AFB9204008FA782 /* Debug */ = {
			isa = XCBuildConfiguration;
			baseConfigurationReference = 610FE13897F31E333C93B5FB /* Pods-Ramda_Example.debug.xcconfig */;
			buildSettings = {
				ASSETCATALOG_COMPILER_APPICON_NAME = AppIcon;
				INFOPLIST_FILE = Ramda/Info.plist;
				LD_RUNPATH_SEARCH_PATHS = "$(inherited) @executable_path/Frameworks";
				MODULE_NAME = ExampleApp;
				PRODUCT_BUNDLE_IDENTIFIER = "org.cocoapods.demo.$(PRODUCT_NAME:rfc1034identifier)";
				PRODUCT_NAME = "$(TARGET_NAME)";
				SWIFT_SWIFT3_OBJC_INFERENCE = Default;
				SWIFT_VERSION = 4.0;
			};
			name = Debug;
		};
		607FACF11AFB9204008FA782 /* Release */ = {
			isa = XCBuildConfiguration;
			baseConfigurationReference = EA4578BE36F637D2BCA00B73 /* Pods-Ramda_Example.release.xcconfig */;
			buildSettings = {
				ASSETCATALOG_COMPILER_APPICON_NAME = AppIcon;
				INFOPLIST_FILE = Ramda/Info.plist;
				LD_RUNPATH_SEARCH_PATHS = "$(inherited) @executable_path/Frameworks";
				MODULE_NAME = ExampleApp;
				PRODUCT_BUNDLE_IDENTIFIER = "org.cocoapods.demo.$(PRODUCT_NAME:rfc1034identifier)";
				PRODUCT_NAME = "$(TARGET_NAME)";
				SWIFT_SWIFT3_OBJC_INFERENCE = Default;
				SWIFT_VERSION = 4.0;
			};
			name = Release;
		};
		607FACF31AFB9204008FA782 /* Debug */ = {
			isa = XCBuildConfiguration;
			baseConfigurationReference = 8784ADD68CC1B725152B350E /* Pods-Ramda_Tests.debug.xcconfig */;
			buildSettings = {
				FRAMEWORK_SEARCH_PATHS = (
					"$(SDKROOT)/Developer/Library/Frameworks",
					"$(inherited)",
				);
				GCC_PREPROCESSOR_DEFINITIONS = (
					"DEBUG=1",
					"$(inherited)",
				);
				INFOPLIST_FILE = Tests/Info.plist;
				LD_RUNPATH_SEARCH_PATHS = "$(inherited) @executable_path/Frameworks @loader_path/Frameworks";
				PRODUCT_BUNDLE_IDENTIFIER = "org.cocoapods.$(PRODUCT_NAME:rfc1034identifier)";
				PRODUCT_NAME = "$(TARGET_NAME)";
				SWIFT_SWIFT3_OBJC_INFERENCE = Default;
				SWIFT_VERSION = 4.0;
				TEST_HOST = "$(BUILT_PRODUCTS_DIR)/Ramda_Example.app/Ramda_Example";
			};
			name = Debug;
		};
		607FACF41AFB9204008FA782 /* Release */ = {
			isa = XCBuildConfiguration;
			baseConfigurationReference = 966FDF159DBFB2354A38BE34 /* Pods-Ramda_Tests.release.xcconfig */;
			buildSettings = {
				FRAMEWORK_SEARCH_PATHS = (
					"$(SDKROOT)/Developer/Library/Frameworks",
					"$(inherited)",
				);
				INFOPLIST_FILE = Tests/Info.plist;
				LD_RUNPATH_SEARCH_PATHS = "$(inherited) @executable_path/Frameworks @loader_path/Frameworks";
				PRODUCT_BUNDLE_IDENTIFIER = "org.cocoapods.$(PRODUCT_NAME:rfc1034identifier)";
				PRODUCT_NAME = "$(TARGET_NAME)";
				SWIFT_SWIFT3_OBJC_INFERENCE = Default;
				SWIFT_VERSION = 4.0;
				TEST_HOST = "$(BUILT_PRODUCTS_DIR)/Ramda_Example.app/Ramda_Example";
			};
			name = Release;
		};
/* End XCBuildConfiguration section */

/* Begin XCConfigurationList section */
		607FACCB1AFB9204008FA782 /* Build configuration list for PBXProject "Ramda" */ = {
			isa = XCConfigurationList;
			buildConfigurations = (
				607FACED1AFB9204008FA782 /* Debug */,
				607FACEE1AFB9204008FA782 /* Release */,
			);
			defaultConfigurationIsVisible = 0;
			defaultConfigurationName = Release;
		};
		607FACEF1AFB9204008FA782 /* Build configuration list for PBXNativeTarget "Ramda_Example" */ = {
			isa = XCConfigurationList;
			buildConfigurations = (
				607FACF01AFB9204008FA782 /* Debug */,
				607FACF11AFB9204008FA782 /* Release */,
			);
			defaultConfigurationIsVisible = 0;
			defaultConfigurationName = Release;
		};
		607FACF21AFB9204008FA782 /* Build configuration list for PBXNativeTarget "Ramda_Tests" */ = {
			isa = XCConfigurationList;
			buildConfigurations = (
				607FACF31AFB9204008FA782 /* Debug */,
				607FACF41AFB9204008FA782 /* Release */,
			);
			defaultConfigurationIsVisible = 0;
			defaultConfigurationName = Release;
		};
/* End XCConfigurationList section */
	};
	rootObject = 607FACC81AFB9204008FA782 /* Project object */;
}
