// !$*UTF8*$!
{
	archiveVersion = 1;
	classes = {
	};
	objectVersion = 46;
	objects = {

/* Begin PBXBuildFile section */
		34C070BDB4EE8BC1FF3B7283 /* DecTests.swift in Sources */ = {isa = PBXBuildFile; fileRef = 34C075A6799E8CA389B30A9D /* DecTests.swift */; };
		34C07170584603BA3B8A034B /* AllTests.swift in Sources */ = {isa = PBXBuildFile; fileRef = 34C076D1113D8A244D5CEFAF /* AllTests.swift */; };
		34C07297EB4D6785B8C986AE /* IncTests.swift in Sources */ = {isa = PBXBuildFile; fileRef = 34C07A2AEACAA70EE0243A88 /* IncTests.swift */; };
		34C072A5564236DC405279F0 /* AdjustTests.swift in Sources */ = {isa = PBXBuildFile; fileRef = 34C07971BE93E3701F7C575D /* AdjustTests.swift */; };
		34C0743173F7B644951EE766 /* DivideTests.swift in Sources */ = {isa = PBXBuildFile; fileRef = 34C073EBB0CBC18824B865D5 /* DivideTests.swift */; };
		34C075521EBE9991E02E8CDD /* ApTests.swift in Sources */ = {isa = PBXBuildFile; fileRef = 34C0782BD35F0332384F2642 /* ApTests.swift */; };
		34C0757D86E5E4454D1A3CEC /* AppendTests.swift in Sources */ = {isa = PBXBuildFile; fileRef = 34C07A4CDB706D43493CFD07 /* AppendTests.swift */; };
		34C075C889BF4DD52FBD64A4 /* BindTests.swift in Sources */ = {isa = PBXBuildFile; fileRef = 34C07A609663E419A15F8311 /* BindTests.swift */; };
		34C075CDAB6329178FBC167A /* DefaultToTests.swift in Sources */ = {isa = PBXBuildFile; fileRef = 34C07DF8BCAC8CC328F9B1D8 /* DefaultToTests.swift */; };
		34C0764D3FC40C6E4219A9DB /* TTests.swift in Sources */ = {isa = PBXBuildFile; fileRef = 34C07E996CE7979187C54115 /* TTests.swift */; };
		34C076BED0B747DC365D4788 /* ConcatTests.swift in Sources */ = {isa = PBXBuildFile; fileRef = 34C07F8578907F95C0E9E0B6 /* ConcatTests.swift */; };
		34C0772F08833B9057739F5E /* AddTests.swift in Sources */ = {isa = PBXBuildFile; fileRef = 34C07BED8A7252F5AFC0691C /* AddTests.swift */; };
		34C077520D1C23CD67B1BDAF /* ContainsTests.swift in Sources */ = {isa = PBXBuildFile; fileRef = 34C07D0AAF9F9B791691B6CC /* ContainsTests.swift */; };
		34C077A0A8E99B91303BF5A2 /* NegateTests.swift in Sources */ = {isa = PBXBuildFile; fileRef = 34C076B7CD7C176B3659C5FE /* NegateTests.swift */; };
		34C077C6291CED6E375217FB /* ChainTests.swift in Sources */ = {isa = PBXBuildFile; fileRef = 34C0780D1838BA43D44FE2EC /* ChainTests.swift */; };
		34C077F709B9A8D1F3BDDADD /* FTests.swift in Sources */ = {isa = PBXBuildFile; fileRef = 34C07999E809DC9DE7F45B62 /* FTests.swift */; };
		34C078BAC208D0D5708D8B31 /* ApplyTests.swift in Sources */ = {isa = PBXBuildFile; fileRef = 34C0792D4D71888CAA080CCB /* ApplyTests.swift */; };
		34C0794A54DFB808E8B39179 /* BothTests.swift in Sources */ = {isa = PBXBuildFile; fileRef = 34C078159FCD9D4251EBDC94 /* BothTests.swift */; };
		34C079ECAA0CBB4462E35799 /* AlwaysTests.swift in Sources */ = {isa = PBXBuildFile; fileRef = 34C07E10C38112B16BDFBDF2 /* AlwaysTests.swift */; };
		34C07A97577D168565C294A3 /* ComplementTests.swift in Sources */ = {isa = PBXBuildFile; fileRef = 34C073FF1B031932DD2F9D86 /* ComplementTests.swift */; };
		34C07B07BDD70FFDAEFD7CB8 /* AnyTests.swift in Sources */ = {isa = PBXBuildFile; fileRef = 34C07350020DBB7EFAFA674F /* AnyTests.swift */; };
		34C07C26A54EFFEDD500346C /* ComposeTests.swift in Sources */ = {isa = PBXBuildFile; fileRef = 34C07E4CB36C2BC180765C47 /* ComposeTests.swift */; };
		34C07C350253DD4AF5B2327F /* DifferenceTests.swift in Sources */ = {isa = PBXBuildFile; fileRef = 34C077D91B33FADE4F179FE0 /* DifferenceTests.swift */; };
		34C07CDF4D014311A557B1F4 /* AndTests.swift in Sources */ = {isa = PBXBuildFile; fileRef = 34C0783285334AFE41A2CA51 /* AndTests.swift */; };
		34C07D0C2A570623F83E76BC /* FoxGeneratorParams.swift in Sources */ = {isa = PBXBuildFile; fileRef = 34C07128985B79B979FB8931 /* FoxGeneratorParams.swift */; };
		34C07D4BEB79ED0EACA1D451 /* SubtractTests.swift in Sources */ = {isa = PBXBuildFile; fileRef = 34C0750029956B67A784FC1E /* SubtractTests.swift */; };
		34C07D55EB99B3E4129F5C30 /* CurryTests.swift in Sources */ = {isa = PBXBuildFile; fileRef = 34C0725431AB2E4DA5D091DA /* CurryTests.swift */; };
		34C07E1A4F7459BD3B1D399A /* FoxTester.swift in Sources */ = {isa = PBXBuildFile; fileRef = 34C07C40531CF0BDCDF372FC /* FoxTester.swift */; };
		34C07E335E5364425D1CC14B /* ModuloTests.swift in Sources */ = {isa = PBXBuildFile; fileRef = 34C07AA77139CF059DF351B8 /* ModuloTests.swift */; };
		34C07EA34C80187D8D02F974 /* UpdateTests.swift in Sources */ = {isa = PBXBuildFile; fileRef = 34C0773357DD9F37BB207B14 /* UpdateTests.swift */; };
		34C07EC6B8BEBA322C151B2C /* MultiplyTests.swift in Sources */ = {isa = PBXBuildFile; fileRef = 34C07F47144D58F89F507F38 /* MultiplyTests.swift */; };
		34C07EE689E2ACFF6EC2B7B2 /* ClampTests.swift in Sources */ = {isa = PBXBuildFile; fileRef = 34C07E3FA7BFC67AE14D4D8C /* ClampTests.swift */; };
		36A481EE709388A3F1DE4B9C /* Pods_Ramda_Example.framework in Frameworks */ = {isa = PBXBuildFile; fileRef = 59F96CE4DCDD485B92E79353 /* Pods_Ramda_Example.framework */; };
		607FACD61AFB9204008FA782 /* AppDelegate.swift in Sources */ = {isa = PBXBuildFile; fileRef = 607FACD51AFB9204008FA782 /* AppDelegate.swift */; };
		607FACD81AFB9204008FA782 /* ViewController.swift in Sources */ = {isa = PBXBuildFile; fileRef = 607FACD71AFB9204008FA782 /* ViewController.swift */; };
		607FACDB1AFB9204008FA782 /* Main.storyboard in Resources */ = {isa = PBXBuildFile; fileRef = 607FACD91AFB9204008FA782 /* Main.storyboard */; };
		607FACDD1AFB9204008FA782 /* Images.xcassets in Resources */ = {isa = PBXBuildFile; fileRef = 607FACDC1AFB9204008FA782 /* Images.xcassets */; };
		607FACE01AFB9204008FA782 /* LaunchScreen.xib in Resources */ = {isa = PBXBuildFile; fileRef = 607FACDE1AFB9204008FA782 /* LaunchScreen.xib */; };
		63FE4D571D8426C2001BDF4B /* AddIndexTests.swift in Sources */ = {isa = PBXBuildFile; fileRef = 63FE4D561D8426C2001BDF4B /* AddIndexTests.swift */; };
		6C487A0A13683BE0EC3944E1 /* AllPassTests.swift in Sources */ = {isa = PBXBuildFile; fileRef = 6C487C732354FDF457157B7D /* AllPassTests.swift */; };
		DA9085197A1A303CB1D92785 /* Pods_Ramda_Tests.framework in Frameworks */ = {isa = PBXBuildFile; fileRef = 99E95F54F31639C4E774191B /* Pods_Ramda_Tests.framework */; };
/* End PBXBuildFile section */

/* Begin PBXContainerItemProxy section */
		607FACE61AFB9204008FA782 /* PBXContainerItemProxy */ = {
			isa = PBXContainerItemProxy;
			containerPortal = 607FACC81AFB9204008FA782 /* Project object */;
			proxyType = 1;
			remoteGlobalIDString = 607FACCF1AFB9204008FA782;
			remoteInfo = Ramda;
		};
/* End PBXContainerItemProxy section */

/* Begin PBXFileReference section */
		016FB02E55E1DBB37B543ADF /* README.md */ = {isa = PBXFileReference; includeInIndex = 1; lastKnownFileType = net.daringfireball.markdown; name = README.md; path = ../README.md; sourceTree = "<group>"; };
		0B8C87380D5FE19F8D2401F9 /* Pods-Ramda_Tests.debug.xcconfig */ = {isa = PBXFileReference; includeInIndex = 1; lastKnownFileType = text.xcconfig; name = "Pods-Ramda_Tests.debug.xcconfig"; path = "Pods/Target Support Files/Pods-Ramda_Tests/Pods-Ramda_Tests.debug.xcconfig"; sourceTree = "<group>"; };
		0FB3BFA567572DDF6B6D6B93 /* LICENSE */ = {isa = PBXFileReference; includeInIndex = 1; lastKnownFileType = text; name = LICENSE; path = ../LICENSE; sourceTree = "<group>"; };
		2174DD057618ED66D09ADCC8 /* Pods-Ramda_Example.release.xcconfig */ = {isa = PBXFileReference; includeInIndex = 1; lastKnownFileType = text.xcconfig; name = "Pods-Ramda_Example.release.xcconfig"; path = "Pods/Target Support Files/Pods-Ramda_Example/Pods-Ramda_Example.release.xcconfig"; sourceTree = "<group>"; };
		34C07128985B79B979FB8931 /* FoxGeneratorParams.swift */ = {isa = PBXFileReference; fileEncoding = 4; lastKnownFileType = sourcecode.swift; path = FoxGeneratorParams.swift; sourceTree = "<group>"; };
		34C0725431AB2E4DA5D091DA /* CurryTests.swift */ = {isa = PBXFileReference; fileEncoding = 4; lastKnownFileType = sourcecode.swift; path = CurryTests.swift; sourceTree = "<group>"; };
		34C07350020DBB7EFAFA674F /* AnyTests.swift */ = {isa = PBXFileReference; fileEncoding = 4; lastKnownFileType = sourcecode.swift; path = AnyTests.swift; sourceTree = "<group>"; };
		34C073EBB0CBC18824B865D5 /* DivideTests.swift */ = {isa = PBXFileReference; fileEncoding = 4; lastKnownFileType = sourcecode.swift; path = DivideTests.swift; sourceTree = "<group>"; };
		34C073FF1B031932DD2F9D86 /* ComplementTests.swift */ = {isa = PBXFileReference; fileEncoding = 4; lastKnownFileType = sourcecode.swift; path = ComplementTests.swift; sourceTree = "<group>"; };
		34C0750029956B67A784FC1E /* SubtractTests.swift */ = {isa = PBXFileReference; fileEncoding = 4; lastKnownFileType = sourcecode.swift; path = SubtractTests.swift; sourceTree = "<group>"; };
		34C075A6799E8CA389B30A9D /* DecTests.swift */ = {isa = PBXFileReference; fileEncoding = 4; lastKnownFileType = sourcecode.swift; path = DecTests.swift; sourceTree = "<group>"; };
		34C076B7CD7C176B3659C5FE /* NegateTests.swift */ = {isa = PBXFileReference; fileEncoding = 4; lastKnownFileType = sourcecode.swift; path = NegateTests.swift; sourceTree = "<group>"; };
		34C076D1113D8A244D5CEFAF /* AllTests.swift */ = {isa = PBXFileReference; fileEncoding = 4; lastKnownFileType = sourcecode.swift; path = AllTests.swift; sourceTree = "<group>"; };
		34C0773357DD9F37BB207B14 /* UpdateTests.swift */ = {isa = PBXFileReference; fileEncoding = 4; lastKnownFileType = sourcecode.swift; path = UpdateTests.swift; sourceTree = "<group>"; };
		34C077D91B33FADE4F179FE0 /* DifferenceTests.swift */ = {isa = PBXFileReference; fileEncoding = 4; lastKnownFileType = sourcecode.swift; path = DifferenceTests.swift; sourceTree = "<group>"; };
		34C0780D1838BA43D44FE2EC /* ChainTests.swift */ = {isa = PBXFileReference; fileEncoding = 4; lastKnownFileType = sourcecode.swift; path = ChainTests.swift; sourceTree = "<group>"; };
		34C078159FCD9D4251EBDC94 /* BothTests.swift */ = {isa = PBXFileReference; fileEncoding = 4; lastKnownFileType = sourcecode.swift; path = BothTests.swift; sourceTree = "<group>"; };
		34C0782BD35F0332384F2642 /* ApTests.swift */ = {isa = PBXFileReference; fileEncoding = 4; lastKnownFileType = sourcecode.swift; path = ApTests.swift; sourceTree = "<group>"; };
		34C0783285334AFE41A2CA51 /* AndTests.swift */ = {isa = PBXFileReference; fileEncoding = 4; lastKnownFileType = sourcecode.swift; path = AndTests.swift; sourceTree = "<group>"; };
		34C0792D4D71888CAA080CCB /* ApplyTests.swift */ = {isa = PBXFileReference; fileEncoding = 4; lastKnownFileType = sourcecode.swift; path = ApplyTests.swift; sourceTree = "<group>"; };
		34C07971BE93E3701F7C575D /* AdjustTests.swift */ = {isa = PBXFileReference; fileEncoding = 4; lastKnownFileType = sourcecode.swift; path = AdjustTests.swift; sourceTree = "<group>"; };
		34C07999E809DC9DE7F45B62 /* FTests.swift */ = {isa = PBXFileReference; fileEncoding = 4; lastKnownFileType = sourcecode.swift; path = FTests.swift; sourceTree = "<group>"; };
		34C07A2AEACAA70EE0243A88 /* IncTests.swift */ = {isa = PBXFileReference; fileEncoding = 4; lastKnownFileType = sourcecode.swift; path = IncTests.swift; sourceTree = "<group>"; };
		34C07A4CDB706D43493CFD07 /* AppendTests.swift */ = {isa = PBXFileReference; fileEncoding = 4; lastKnownFileType = sourcecode.swift; path = AppendTests.swift; sourceTree = "<group>"; };
		34C07A609663E419A15F8311 /* BindTests.swift */ = {isa = PBXFileReference; fileEncoding = 4; lastKnownFileType = sourcecode.swift; path = BindTests.swift; sourceTree = "<group>"; };
		34C07AA77139CF059DF351B8 /* ModuloTests.swift */ = {isa = PBXFileReference; fileEncoding = 4; lastKnownFileType = sourcecode.swift; path = ModuloTests.swift; sourceTree = "<group>"; };
		34C07BED8A7252F5AFC0691C /* AddTests.swift */ = {isa = PBXFileReference; fileEncoding = 4; lastKnownFileType = sourcecode.swift; path = AddTests.swift; sourceTree = "<group>"; };
		34C07C40531CF0BDCDF372FC /* FoxTester.swift */ = {isa = PBXFileReference; fileEncoding = 4; lastKnownFileType = sourcecode.swift; path = FoxTester.swift; sourceTree = "<group>"; };
		34C07D0AAF9F9B791691B6CC /* ContainsTests.swift */ = {isa = PBXFileReference; fileEncoding = 4; lastKnownFileType = sourcecode.swift; path = ContainsTests.swift; sourceTree = "<group>"; };
		34C07DF8BCAC8CC328F9B1D8 /* DefaultToTests.swift */ = {isa = PBXFileReference; fileEncoding = 4; lastKnownFileType = sourcecode.swift; path = DefaultToTests.swift; sourceTree = "<group>"; };
		34C07E10C38112B16BDFBDF2 /* AlwaysTests.swift */ = {isa = PBXFileReference; fileEncoding = 4; lastKnownFileType = sourcecode.swift; path = AlwaysTests.swift; sourceTree = "<group>"; };
		34C07E3FA7BFC67AE14D4D8C /* ClampTests.swift */ = {isa = PBXFileReference; fileEncoding = 4; lastKnownFileType = sourcecode.swift; path = ClampTests.swift; sourceTree = "<group>"; };
		34C07E4CB36C2BC180765C47 /* ComposeTests.swift */ = {isa = PBXFileReference; fileEncoding = 4; lastKnownFileType = sourcecode.swift; path = ComposeTests.swift; sourceTree = "<group>"; };
		34C07E996CE7979187C54115 /* TTests.swift */ = {isa = PBXFileReference; fileEncoding = 4; lastKnownFileType = sourcecode.swift; path = TTests.swift; sourceTree = "<group>"; };
		34C07F47144D58F89F507F38 /* MultiplyTests.swift */ = {isa = PBXFileReference; fileEncoding = 4; lastKnownFileType = sourcecode.swift; path = MultiplyTests.swift; sourceTree = "<group>"; };
		34C07F8578907F95C0E9E0B6 /* ConcatTests.swift */ = {isa = PBXFileReference; fileEncoding = 4; lastKnownFileType = sourcecode.swift; path = ConcatTests.swift; sourceTree = "<group>"; };
		419FFE55846CA50DFA74371A /* Ramda.podspec */ = {isa = PBXFileReference; includeInIndex = 1; lastKnownFileType = text; name = Ramda.podspec; path = ../Ramda.podspec; sourceTree = "<group>"; };
		4C32FAB1AA0212E8E9E08135 /* Pods-Ramda_Example.debug.xcconfig */ = {isa = PBXFileReference; includeInIndex = 1; lastKnownFileType = text.xcconfig; name = "Pods-Ramda_Example.debug.xcconfig"; path = "Pods/Target Support Files/Pods-Ramda_Example/Pods-Ramda_Example.debug.xcconfig"; sourceTree = "<group>"; };
		59F96CE4DCDD485B92E79353 /* Pods_Ramda_Example.framework */ = {isa = PBXFileReference; explicitFileType = wrapper.framework; includeInIndex = 0; path = Pods_Ramda_Example.framework; sourceTree = BUILT_PRODUCTS_DIR; };
		607FACD01AFB9204008FA782 /* Ramda_Example.app */ = {isa = PBXFileReference; explicitFileType = wrapper.application; includeInIndex = 0; path = Ramda_Example.app; sourceTree = BUILT_PRODUCTS_DIR; };
		607FACD41AFB9204008FA782 /* Info.plist */ = {isa = PBXFileReference; lastKnownFileType = text.plist.xml; path = Info.plist; sourceTree = "<group>"; };
		607FACD51AFB9204008FA782 /* AppDelegate.swift */ = {isa = PBXFileReference; lastKnownFileType = sourcecode.swift; path = AppDelegate.swift; sourceTree = "<group>"; };
		607FACD71AFB9204008FA782 /* ViewController.swift */ = {isa = PBXFileReference; lastKnownFileType = sourcecode.swift; path = ViewController.swift; sourceTree = "<group>"; };
		607FACDA1AFB9204008FA782 /* Base */ = {isa = PBXFileReference; lastKnownFileType = file.storyboard; name = Base; path = Base.lproj/Main.storyboard; sourceTree = "<group>"; };
		607FACDC1AFB9204008FA782 /* Images.xcassets */ = {isa = PBXFileReference; lastKnownFileType = folder.assetcatalog; path = Images.xcassets; sourceTree = "<group>"; };
		607FACDF1AFB9204008FA782 /* Base */ = {isa = PBXFileReference; lastKnownFileType = file.xib; name = Base; path = Base.lproj/LaunchScreen.xib; sourceTree = "<group>"; };
		607FACE51AFB9204008FA782 /* Ramda_Tests.xctest */ = {isa = PBXFileReference; explicitFileType = wrapper.cfbundle; includeInIndex = 0; path = Ramda_Tests.xctest; sourceTree = BUILT_PRODUCTS_DIR; };
		607FACEA1AFB9204008FA782 /* Info.plist */ = {isa = PBXFileReference; lastKnownFileType = text.plist.xml; path = Info.plist; sourceTree = "<group>"; };
		63FE4D561D8426C2001BDF4B /* AddIndexTests.swift */ = {isa = PBXFileReference; fileEncoding = 4; lastKnownFileType = sourcecode.swift; path = AddIndexTests.swift; sourceTree = "<group>"; };
		6C487C732354FDF457157B7D /* AllPassTests.swift */ = {isa = PBXFileReference; fileEncoding = 4; lastKnownFileType = sourcecode.swift; path = AllPassTests.swift; sourceTree = "<group>"; };
		99E95F54F31639C4E774191B /* Pods_Ramda_Tests.framework */ = {isa = PBXFileReference; explicitFileType = wrapper.framework; includeInIndex = 0; path = Pods_Ramda_Tests.framework; sourceTree = BUILT_PRODUCTS_DIR; };
		9F52F67119E2A13F596D153D /* Pods-Ramda_Tests.release.xcconfig */ = {isa = PBXFileReference; includeInIndex = 1; lastKnownFileType = text.xcconfig; name = "Pods-Ramda_Tests.release.xcconfig"; path = "Pods/Target Support Files/Pods-Ramda_Tests/Pods-Ramda_Tests.release.xcconfig"; sourceTree = "<group>"; };
/* End PBXFileReference section */

/* Begin PBXFrameworksBuildPhase section */
		607FACCD1AFB9204008FA782 /* Frameworks */ = {
			isa = PBXFrameworksBuildPhase;
			buildActionMask = 2147483647;
			files = (
				36A481EE709388A3F1DE4B9C /* Pods_Ramda_Example.framework in Frameworks */,
			);
			runOnlyForDeploymentPostprocessing = 0;
		};
		607FACE21AFB9204008FA782 /* Frameworks */ = {
			isa = PBXFrameworksBuildPhase;
			buildActionMask = 2147483647;
			files = (
				DA9085197A1A303CB1D92785 /* Pods_Ramda_Tests.framework in Frameworks */,
			);
			runOnlyForDeploymentPostprocessing = 0;
		};
/* End PBXFrameworksBuildPhase section */

/* Begin PBXGroup section */
		34C077864FA35A811B57EF6D /* FoxHelper */ = {
			isa = PBXGroup;
			children = (
				34C07C40531CF0BDCDF372FC /* FoxTester.swift */,
				34C07128985B79B979FB8931 /* FoxGeneratorParams.swift */,
			);
			path = FoxHelper;
			sourceTree = "<group>";
		};
		34C07C5E13C9DA1CB7A784DE /* Extensions */ = {
			isa = PBXGroup;
			children = (
				34C07BED8A7252F5AFC0691C /* AddTests.swift */,
				34C07E10C38112B16BDFBDF2 /* AlwaysTests.swift */,
				34C0783285334AFE41A2CA51 /* AndTests.swift */,
				34C07E4CB36C2BC180765C47 /* ComposeTests.swift */,
				34C07F8578907F95C0E9E0B6 /* ConcatTests.swift */,
				34C07971BE93E3701F7C575D /* AdjustTests.swift */,
				34C0782BD35F0332384F2642 /* ApTests.swift */,
				63FE4D561D8426C2001BDF4B /* AddIndexTests.swift */,
				34C07A609663E419A15F8311 /* BindTests.swift */,
				34C07A4CDB706D43493CFD07 /* AppendTests.swift */,
				34C078159FCD9D4251EBDC94 /* BothTests.swift */,
				34C07350020DBB7EFAFA674F /* AnyTests.swift */,
				34C076D1113D8A244D5CEFAF /* AllTests.swift */,
				34C0725431AB2E4DA5D091DA /* CurryTests.swift */,
				34C0792D4D71888CAA080CCB /* ApplyTests.swift */,
				34C07E3FA7BFC67AE14D4D8C /* ClampTests.swift */,
				34C0780D1838BA43D44FE2EC /* ChainTests.swift */,
				34C073FF1B031932DD2F9D86 /* ComplementTests.swift */,
				34C07D0AAF9F9B791691B6CC /* ContainsTests.swift */,
				34C075A6799E8CA389B30A9D /* DecTests.swift */,
				34C07DF8BCAC8CC328F9B1D8 /* DefaultToTests.swift */,
				34C0750029956B67A784FC1E /* SubtractTests.swift */,
				34C0773357DD9F37BB207B14 /* UpdateTests.swift */,
				34C077D91B33FADE4F179FE0 /* DifferenceTests.swift */,
				6C487C732354FDF457157B7D /* AllPassTests.swift */,
				34C07999E809DC9DE7F45B62 /* FTests.swift */,
				34C07E996CE7979187C54115 /* TTests.swift */,
				34C073EBB0CBC18824B865D5 /* DivideTests.swift */,
				34C07F47144D58F89F507F38 /* MultiplyTests.swift */,
				34C076B7CD7C176B3659C5FE /* NegateTests.swift */,
				34C07AA77139CF059DF351B8 /* ModuloTests.swift */,
				34C07A2AEACAA70EE0243A88 /* IncTests.swift */,
			);
			path = Extensions;
			sourceTree = "<group>";
		};
		576A2109E24B43C9F5936CE9 /* Pods */ = {
			isa = PBXGroup;
			children = (
				4C32FAB1AA0212E8E9E08135 /* Pods-Ramda_Example.debug.xcconfig */,
				2174DD057618ED66D09ADCC8 /* Pods-Ramda_Example.release.xcconfig */,
				0B8C87380D5FE19F8D2401F9 /* Pods-Ramda_Tests.debug.xcconfig */,
				9F52F67119E2A13F596D153D /* Pods-Ramda_Tests.release.xcconfig */,
			);
			name = Pods;
			sourceTree = "<group>";
		};
		607FACC71AFB9204008FA782 = {
			isa = PBXGroup;
			children = (
				607FACF51AFB993E008FA782 /* Podspec Metadata */,
				607FACD21AFB9204008FA782 /* Example for Ramda */,
				607FACE81AFB9204008FA782 /* Tests */,
				607FACD11AFB9204008FA782 /* Products */,
				576A2109E24B43C9F5936CE9 /* Pods */,
				BF2C1E9CBBE22E8DA7D8B240 /* Frameworks */,
			);
			sourceTree = "<group>";
		};
		607FACD11AFB9204008FA782 /* Products */ = {
			isa = PBXGroup;
			children = (
				607FACD01AFB9204008FA782 /* Ramda_Example.app */,
				607FACE51AFB9204008FA782 /* Ramda_Tests.xctest */,
			);
			name = Products;
			sourceTree = "<group>";
		};
		607FACD21AFB9204008FA782 /* Example for Ramda */ = {
			isa = PBXGroup;
			children = (
				607FACD51AFB9204008FA782 /* AppDelegate.swift */,
				607FACD71AFB9204008FA782 /* ViewController.swift */,
				607FACD91AFB9204008FA782 /* Main.storyboard */,
				607FACDC1AFB9204008FA782 /* Images.xcassets */,
				607FACDE1AFB9204008FA782 /* LaunchScreen.xib */,
				607FACD31AFB9204008FA782 /* Supporting Files */,
			);
			name = "Example for Ramda";
			path = Ramda;
			sourceTree = "<group>";
		};
		607FACD31AFB9204008FA782 /* Supporting Files */ = {
			isa = PBXGroup;
			children = (
				607FACD41AFB9204008FA782 /* Info.plist */,
			);
			name = "Supporting Files";
			sourceTree = "<group>";
		};
		607FACE81AFB9204008FA782 /* Tests */ = {
			isa = PBXGroup;
			children = (
				607FACE91AFB9204008FA782 /* Supporting Files */,
				34C07C5E13C9DA1CB7A784DE /* Extensions */,
				34C077864FA35A811B57EF6D /* FoxHelper */,
			);
			path = Tests;
			sourceTree = "<group>";
		};
		607FACE91AFB9204008FA782 /* Supporting Files */ = {
			isa = PBXGroup;
			children = (
				607FACEA1AFB9204008FA782 /* Info.plist */,
			);
			name = "Supporting Files";
			sourceTree = "<group>";
		};
		607FACF51AFB993E008FA782 /* Podspec Metadata */ = {
			isa = PBXGroup;
			children = (
				419FFE55846CA50DFA74371A /* Ramda.podspec */,
				016FB02E55E1DBB37B543ADF /* README.md */,
				0FB3BFA567572DDF6B6D6B93 /* LICENSE */,
			);
			name = "Podspec Metadata";
			sourceTree = "<group>";
		};
		BF2C1E9CBBE22E8DA7D8B240 /* Frameworks */ = {
			isa = PBXGroup;
			children = (
				59F96CE4DCDD485B92E79353 /* Pods_Ramda_Example.framework */,
				99E95F54F31639C4E774191B /* Pods_Ramda_Tests.framework */,
			);
			name = Frameworks;
			sourceTree = "<group>";
		};
/* End PBXGroup section */

/* Begin PBXNativeTarget section */
		607FACCF1AFB9204008FA782 /* Ramda_Example */ = {
			isa = PBXNativeTarget;
			buildConfigurationList = 607FACEF1AFB9204008FA782 /* Build configuration list for PBXNativeTarget "Ramda_Example" */;
			buildPhases = (
				F2E86A55D062B5E3D8ED380E /* 📦 Check Pods Manifest.lock */,
				DD4A51FF193AA336E0351563 /* [CP] Check Pods Manifest.lock */,
				B52D24DDCFBFC751AC22DDE3 /* [CP] Check Pods Manifest.lock */,
				607FACCC1AFB9204008FA782 /* Sources */,
				607FACCD1AFB9204008FA782 /* Frameworks */,
				607FACCE1AFB9204008FA782 /* Resources */,
				369EE279F7D4D9E70749BDCE /* [CP] Embed Pods Frameworks */,
				C3DE3DD838FFB323F19C5CBF /* [CP] Copy Pods Resources */,
				8693BFE637D2E955A4B9CD0A /* 📦 Embed Pods Frameworks */,
				2912E3FCAE4C31062AED3B1E /* 📦 Copy Pods Resources */,
				8C4A392E1D82FD7700F62107 /* SwiftLint Autocorrect */,
				8CF8F1E61D81AE00003E114C /* SwiftLint Ramda Check */,
				8C5A81CB1D81A98B00040ED6 /* SwiftLint Project Check */,
			);
			buildRules = (
			);
			dependencies = (
			);
			name = Ramda_Example;
			productName = Ramda;
			productReference = 607FACD01AFB9204008FA782 /* Ramda_Example.app */;
			productType = "com.apple.product-type.application";
		};
		607FACE41AFB9204008FA782 /* Ramda_Tests */ = {
			isa = PBXNativeTarget;
			buildConfigurationList = 607FACF21AFB9204008FA782 /* Build configuration list for PBXNativeTarget "Ramda_Tests" */;
			buildPhases = (
				60280A7F082D74B643517E44 /* 📦 Check Pods Manifest.lock */,
				60B8A83F0289887946975361 /* [CP] Check Pods Manifest.lock */,
				28CCAF4ED0DBEF53B1F78AC1 /* [CP] Check Pods Manifest.lock */,
				607FACE11AFB9204008FA782 /* Sources */,
				607FACE21AFB9204008FA782 /* Frameworks */,
				607FACE31AFB9204008FA782 /* Resources */,
				2D289939A6F0B77E5B33E54B /* [CP] Embed Pods Frameworks */,
				3C5195EFD25E7CC1F97EE486 /* [CP] Copy Pods Resources */,
				8CD36EDD88AB20CEEF28EE1D /* 📦 Embed Pods Frameworks */,
				A1BB9E555E0BEE5E6A95726E /* 📦 Copy Pods Resources */,
				8C4A392F1D82FD9A00F62107 /* SwiftLint Autocorrect */,
				8CF8F1E51D81ADC2003E114C /* SwiftLint Ramda Check */,
				8C5A81CA1D81A96900040ED6 /* SwiftLint Project Check */,
			);
			buildRules = (
			);
			dependencies = (
				607FACE71AFB9204008FA782 /* PBXTargetDependency */,
			);
			name = Ramda_Tests;
			productName = Tests;
			productReference = 607FACE51AFB9204008FA782 /* Ramda_Tests.xctest */;
			productType = "com.apple.product-type.bundle.unit-test";
		};
/* End PBXNativeTarget section */

/* Begin PBXProject section */
		607FACC81AFB9204008FA782 /* Project object */ = {
			isa = PBXProject;
			attributes = {
				LastSwiftUpdateCheck = 0720;
				LastUpgradeCheck = 0720;
				ORGANIZATIONNAME = CocoaPods;
				TargetAttributes = {
					607FACCF1AFB9204008FA782 = {
						CreatedOnToolsVersion = 6.3.1;
					};
					607FACE41AFB9204008FA782 = {
						CreatedOnToolsVersion = 6.3.1;
						TestTargetID = 607FACCF1AFB9204008FA782;
					};
				};
			};
			buildConfigurationList = 607FACCB1AFB9204008FA782 /* Build configuration list for PBXProject "Ramda" */;
			compatibilityVersion = "Xcode 3.2";
			developmentRegion = English;
			hasScannedForEncodings = 0;
			knownRegions = (
				en,
				Base,
			);
			mainGroup = 607FACC71AFB9204008FA782;
			productRefGroup = 607FACD11AFB9204008FA782 /* Products */;
			projectDirPath = "";
			projectRoot = "";
			targets = (
				607FACCF1AFB9204008FA782 /* Ramda_Example */,
				607FACE41AFB9204008FA782 /* Ramda_Tests */,
			);
		};
/* End PBXProject section */

/* Begin PBXResourcesBuildPhase section */
		607FACCE1AFB9204008FA782 /* Resources */ = {
			isa = PBXResourcesBuildPhase;
			buildActionMask = 2147483647;
			files = (
				607FACDB1AFB9204008FA782 /* Main.storyboard in Resources */,
				607FACE01AFB9204008FA782 /* LaunchScreen.xib in Resources */,
				607FACDD1AFB9204008FA782 /* Images.xcassets in Resources */,
			);
			runOnlyForDeploymentPostprocessing = 0;
		};
		607FACE31AFB9204008FA782 /* Resources */ = {
			isa = PBXResourcesBuildPhase;
			buildActionMask = 2147483647;
			files = (
			);
			runOnlyForDeploymentPostprocessing = 0;
		};
/* End PBXResourcesBuildPhase section */

/* Begin PBXShellScriptBuildPhase section */
		28CCAF4ED0DBEF53B1F78AC1 /* [CP] Check Pods Manifest.lock */ = {
			isa = PBXShellScriptBuildPhase;
			buildActionMask = 2147483647;
			files = (
			);
			inputPaths = (
			);
			name = "[CP] Check Pods Manifest.lock";
			outputPaths = (
			);
			runOnlyForDeploymentPostprocessing = 0;
			shellPath = /bin/sh;
			shellScript = "diff \"${PODS_ROOT}/../Podfile.lock\" \"${PODS_ROOT}/Manifest.lock\" > /dev/null\nif [[ $? != 0 ]] ; then\n    cat << EOM\nerror: The sandbox is not in sync with the Podfile.lock. Run 'pod install' or update your CocoaPods installation.\nEOM\n    exit 1\nfi\n";
			showEnvVarsInLog = 0;
		};
		2912E3FCAE4C31062AED3B1E /* 📦 Copy Pods Resources */ = {
			isa = PBXShellScriptBuildPhase;
			buildActionMask = 2147483647;
			files = (
			);
			inputPaths = (
			);
			name = "📦 Copy Pods Resources";
			outputPaths = (
			);
			runOnlyForDeploymentPostprocessing = 0;
			shellPath = /bin/sh;
			shellScript = "\"${SRCROOT}/Pods/Target Support Files/Pods-Ramda_Example/Pods-Ramda_Example-resources.sh\"\n";
			showEnvVarsInLog = 0;
		};
		2D289939A6F0B77E5B33E54B /* [CP] Embed Pods Frameworks */ = {
			isa = PBXShellScriptBuildPhase;
			buildActionMask = 2147483647;
			files = (
			);
			inputPaths = (
			);
			name = "[CP] Embed Pods Frameworks";
			outputPaths = (
			);
			runOnlyForDeploymentPostprocessing = 0;
			shellPath = /bin/sh;
			shellScript = "\"${SRCROOT}/Pods/Target Support Files/Pods-Ramda_Tests/Pods-Ramda_Tests-frameworks.sh\"\n";
			showEnvVarsInLog = 0;
		};
		369EE279F7D4D9E70749BDCE /* [CP] Embed Pods Frameworks */ = {
			isa = PBXShellScriptBuildPhase;
			buildActionMask = 2147483647;
			files = (
			);
			inputPaths = (
			);
			name = "[CP] Embed Pods Frameworks";
			outputPaths = (
			);
			runOnlyForDeploymentPostprocessing = 0;
			shellPath = /bin/sh;
			shellScript = "\"${SRCROOT}/Pods/Target Support Files/Pods-Ramda_Example/Pods-Ramda_Example-frameworks.sh\"\n";
			showEnvVarsInLog = 0;
		};
		3C5195EFD25E7CC1F97EE486 /* [CP] Copy Pods Resources */ = {
			isa = PBXShellScriptBuildPhase;
			buildActionMask = 2147483647;
			files = (
			);
			inputPaths = (
			);
			name = "[CP] Copy Pods Resources";
			outputPaths = (
			);
			runOnlyForDeploymentPostprocessing = 0;
			shellPath = /bin/sh;
			shellScript = "\"${SRCROOT}/Pods/Target Support Files/Pods-Ramda_Tests/Pods-Ramda_Tests-resources.sh\"\n";
			showEnvVarsInLog = 0;
		};
		60280A7F082D74B643517E44 /* 📦 Check Pods Manifest.lock */ = {
			isa = PBXShellScriptBuildPhase;
			buildActionMask = 2147483647;
			files = (
			);
			inputPaths = (
			);
			name = "📦 Check Pods Manifest.lock";
			outputPaths = (
			);
			runOnlyForDeploymentPostprocessing = 0;
			shellPath = /bin/sh;
			shellScript = "diff \"${PODS_ROOT}/../Podfile.lock\" \"${PODS_ROOT}/Manifest.lock\" > /dev/null\nif [[ $? != 0 ]] ; then\n    cat << EOM\nerror: The sandbox is not in sync with the Podfile.lock. Run 'pod install' or update your CocoaPods installation.\nEOM\n    exit 1\nfi\n";
			showEnvVarsInLog = 0;
		};
		60B8A83F0289887946975361 /* [CP] Check Pods Manifest.lock */ = {
			isa = PBXShellScriptBuildPhase;
			buildActionMask = 2147483647;
			files = (
			);
			inputPaths = (
			);
			name = "[CP] Check Pods Manifest.lock";
			outputPaths = (
			);
			runOnlyForDeploymentPostprocessing = 0;
			shellPath = /bin/sh;
			shellScript = "diff \"${PODS_ROOT}/../Podfile.lock\" \"${PODS_ROOT}/Manifest.lock\" > /dev/null\nif [[ $? != 0 ]] ; then\n    cat << EOM\nerror: The sandbox is not in sync with the Podfile.lock. Run 'pod install' or update your CocoaPods installation.\nEOM\n    exit 1\nfi\n";
			showEnvVarsInLog = 0;
		};
		8693BFE637D2E955A4B9CD0A /* 📦 Embed Pods Frameworks */ = {
			isa = PBXShellScriptBuildPhase;
			buildActionMask = 2147483647;
			files = (
			);
			inputPaths = (
			);
			name = "📦 Embed Pods Frameworks";
			outputPaths = (
			);
			runOnlyForDeploymentPostprocessing = 0;
			shellPath = /bin/sh;
			shellScript = "\"${SRCROOT}/Pods/Target Support Files/Pods-Ramda_Example/Pods-Ramda_Example-frameworks.sh\"\n";
			showEnvVarsInLog = 0;
		};
		8C4A392E1D82FD7700F62107 /* SwiftLint Autocorrect */ = {
			isa = PBXShellScriptBuildPhase;
			buildActionMask = 2147483647;
			files = (
			);
			inputPaths = (
			);
			name = "SwiftLint Autocorrect";
			outputPaths = (
			);
			runOnlyForDeploymentPostprocessing = 0;
			shellPath = /bin/sh;
			shellScript = "if which swiftlint >/dev/null; then\n    swiftlint autocorrect\nelse\n    echo \"warning: SwiftLint not installed, download from https://github.com/realm/SwiftLint\"\nfi";
		};
		8C4A392F1D82FD9A00F62107 /* SwiftLint Autocorrect */ = {
			isa = PBXShellScriptBuildPhase;
			buildActionMask = 2147483647;
			files = (
			);
			inputPaths = (
			);
			name = "SwiftLint Autocorrect";
			outputPaths = (
			);
			runOnlyForDeploymentPostprocessing = 0;
			shellPath = /bin/sh;
			shellScript = "if which swiftlint >/dev/null; then\n    swiftlint autocorrect\nelse\n    echo \"warning: SwiftLint not installed, download from https://github.com/realm/SwiftLint\"\nfi";
		};
		8C5A81CA1D81A96900040ED6 /* SwiftLint Project Check */ = {
			isa = PBXShellScriptBuildPhase;
			buildActionMask = 2147483647;
			files = (
			);
			inputPaths = (
			);
			name = "SwiftLint Project Check";
			outputPaths = (
			);
			runOnlyForDeploymentPostprocessing = 0;
			shellPath = /bin/sh;
			shellScript = "if which swiftlint >/dev/null; then\n    swiftlint\nelse\n    echo \"warning: SwiftLint not installed, download from https://github.com/realm/SwiftLint\"\nfi";
		};
		8C5A81CB1D81A98B00040ED6 /* SwiftLint Project Check */ = {
			isa = PBXShellScriptBuildPhase;
			buildActionMask = 2147483647;
			files = (
			);
			inputPaths = (
			);
			name = "SwiftLint Project Check";
			outputPaths = (
			);
			runOnlyForDeploymentPostprocessing = 0;
			shellPath = /bin/sh;
			shellScript = "if which swiftlint >/dev/null; then\n    swiftlint\nelse\n    echo \"warning: SwiftLint not installed, download from https://github.com/realm/SwiftLint\"\nfi";
		};
		8CD36EDD88AB20CEEF28EE1D /* 📦 Embed Pods Frameworks */ = {
			isa = PBXShellScriptBuildPhase;
			buildActionMask = 2147483647;
			files = (
			);
			inputPaths = (
			);
			name = "📦 Embed Pods Frameworks";
			outputPaths = (
			);
			runOnlyForDeploymentPostprocessing = 0;
			shellPath = /bin/sh;
			shellScript = "\"${SRCROOT}/Pods/Target Support Files/Pods-Ramda_Tests/Pods-Ramda_Tests-frameworks.sh\"\n";
			showEnvVarsInLog = 0;
		};
		8CF8F1E51D81ADC2003E114C /* SwiftLint Ramda Check */ = {
			isa = PBXShellScriptBuildPhase;
			buildActionMask = 2147483647;
			files = (
			);
			inputPaths = (
			);
			name = "SwiftLint Ramda Check";
			outputPaths = (
			);
			runOnlyForDeploymentPostprocessing = 0;
			shellPath = /bin/sh;
			shellScript = "if which swiftlint >/dev/null; then\n    cd ../Ramda\n    swiftlint\nelse\n    echo \"warning: SwiftLint not installed, download from https://github.com/realm/SwiftLint\"\nfi";
		};
		8CF8F1E61D81AE00003E114C /* SwiftLint Ramda Check */ = {
			isa = PBXShellScriptBuildPhase;
			buildActionMask = 2147483647;
			files = (
			);
			inputPaths = (
			);
			name = "SwiftLint Ramda Check";
			outputPaths = (
			);
			runOnlyForDeploymentPostprocessing = 0;
			shellPath = /bin/sh;
			shellScript = "if which swiftlint >/dev/null; then\n    cd ../Ramda\n    swiftlint\nelse\n    echo \"warning: SwiftLint not installed, download from https://github.com/realm/SwiftLint\"\nfi";
		};
		A1BB9E555E0BEE5E6A95726E /* 📦 Copy Pods Resources */ = {
			isa = PBXShellScriptBuildPhase;
			buildActionMask = 2147483647;
			files = (
			);
			inputPaths = (
			);
			name = "📦 Copy Pods Resources";
			outputPaths = (
			);
			runOnlyForDeploymentPostprocessing = 0;
			shellPath = /bin/sh;
			shellScript = "\"${SRCROOT}/Pods/Target Support Files/Pods-Ramda_Tests/Pods-Ramda_Tests-resources.sh\"\n";
			showEnvVarsInLog = 0;
		};
		B52D24DDCFBFC751AC22DDE3 /* [CP] Check Pods Manifest.lock */ = {
			isa = PBXShellScriptBuildPhase;
			buildActionMask = 2147483647;
			files = (
			);
			inputPaths = (
			);
			name = "[CP] Check Pods Manifest.lock";
			outputPaths = (
			);
			runOnlyForDeploymentPostprocessing = 0;
			shellPath = /bin/sh;
			shellScript = "diff \"${PODS_ROOT}/../Podfile.lock\" \"${PODS_ROOT}/Manifest.lock\" > /dev/null\nif [[ $? != 0 ]] ; then\n    cat << EOM\nerror: The sandbox is not in sync with the Podfile.lock. Run 'pod install' or update your CocoaPods installation.\nEOM\n    exit 1\nfi\n";
			showEnvVarsInLog = 0;
		};
		C3DE3DD838FFB323F19C5CBF /* [CP] Copy Pods Resources */ = {
			isa = PBXShellScriptBuildPhase;
			buildActionMask = 2147483647;
			files = (
			);
			inputPaths = (
			);
			name = "[CP] Copy Pods Resources";
			outputPaths = (
			);
			runOnlyForDeploymentPostprocessing = 0;
			shellPath = /bin/sh;
			shellScript = "\"${SRCROOT}/Pods/Target Support Files/Pods-Ramda_Example/Pods-Ramda_Example-resources.sh\"\n";
			showEnvVarsInLog = 0;
		};
		DD4A51FF193AA336E0351563 /* [CP] Check Pods Manifest.lock */ = {
			isa = PBXShellScriptBuildPhase;
			buildActionMask = 2147483647;
			files = (
			);
			inputPaths = (
			);
			name = "[CP] Check Pods Manifest.lock";
			outputPaths = (
			);
			runOnlyForDeploymentPostprocessing = 0;
			shellPath = /bin/sh;
			shellScript = "diff \"${PODS_ROOT}/../Podfile.lock\" \"${PODS_ROOT}/Manifest.lock\" > /dev/null\nif [[ $? != 0 ]] ; then\n    cat << EOM\nerror: The sandbox is not in sync with the Podfile.lock. Run 'pod install' or update your CocoaPods installation.\nEOM\n    exit 1\nfi\n";
			showEnvVarsInLog = 0;
		};
		F2E86A55D062B5E3D8ED380E /* 📦 Check Pods Manifest.lock */ = {
			isa = PBXShellScriptBuildPhase;
			buildActionMask = 2147483647;
			files = (
			);
			inputPaths = (
			);
			name = "📦 Check Pods Manifest.lock";
			outputPaths = (
			);
			runOnlyForDeploymentPostprocessing = 0;
			shellPath = /bin/sh;
			shellScript = "diff \"${PODS_ROOT}/../Podfile.lock\" \"${PODS_ROOT}/Manifest.lock\" > /dev/null\nif [[ $? != 0 ]] ; then\n    cat << EOM\nerror: The sandbox is not in sync with the Podfile.lock. Run 'pod install' or update your CocoaPods installation.\nEOM\n    exit 1\nfi\n";
			showEnvVarsInLog = 0;
		};
/* End PBXShellScriptBuildPhase section */

/* Begin PBXSourcesBuildPhase section */
		607FACCC1AFB9204008FA782 /* Sources */ = {
			isa = PBXSourcesBuildPhase;
			buildActionMask = 2147483647;
			files = (
				607FACD81AFB9204008FA782 /* ViewController.swift in Sources */,
				607FACD61AFB9204008FA782 /* AppDelegate.swift in Sources */,
			);
			runOnlyForDeploymentPostprocessing = 0;
		};
		607FACE11AFB9204008FA782 /* Sources */ = {
			isa = PBXSourcesBuildPhase;
			buildActionMask = 2147483647;
			files = (
				34C0772F08833B9057739F5E /* AddTests.swift in Sources */,
				34C07E1A4F7459BD3B1D399A /* FoxTester.swift in Sources */,
				34C07D0C2A570623F83E76BC /* FoxGeneratorParams.swift in Sources */,
				34C079ECAA0CBB4462E35799 /* AlwaysTests.swift in Sources */,
				34C07CDF4D014311A557B1F4 /* AndTests.swift in Sources */,
				34C07C26A54EFFEDD500346C /* ComposeTests.swift in Sources */,
				34C076BED0B747DC365D4788 /* ConcatTests.swift in Sources */,
				34C072A5564236DC405279F0 /* AdjustTests.swift in Sources */,
				63FE4D571D8426C2001BDF4B /* AddIndexTests.swift in Sources */,
				34C075521EBE9991E02E8CDD /* ApTests.swift in Sources */,
				34C075C889BF4DD52FBD64A4 /* BindTests.swift in Sources */,
				34C0757D86E5E4454D1A3CEC /* AppendTests.swift in Sources */,
				34C0794A54DFB808E8B39179 /* BothTests.swift in Sources */,
				34C07B07BDD70FFDAEFD7CB8 /* AnyTests.swift in Sources */,
				34C07170584603BA3B8A034B /* AllTests.swift in Sources */,
				34C07D55EB99B3E4129F5C30 /* CurryTests.swift in Sources */,
				34C078BAC208D0D5708D8B31 /* ApplyTests.swift in Sources */,
				34C07EE689E2ACFF6EC2B7B2 /* ClampTests.swift in Sources */,
				34C077C6291CED6E375217FB /* ChainTests.swift in Sources */,
				34C07A97577D168565C294A3 /* ComplementTests.swift in Sources */,
				34C077520D1C23CD67B1BDAF /* ContainsTests.swift in Sources */,
				34C070BDB4EE8BC1FF3B7283 /* DecTests.swift in Sources */,
				34C075CDAB6329178FBC167A /* DefaultToTests.swift in Sources */,
				34C07D4BEB79ED0EACA1D451 /* SubtractTests.swift in Sources */,
				34C07EA34C80187D8D02F974 /* UpdateTests.swift in Sources */,
				34C07C350253DD4AF5B2327F /* DifferenceTests.swift in Sources */,
				6C487A0A13683BE0EC3944E1 /* AllPassTests.swift in Sources */,
				34C077F709B9A8D1F3BDDADD /* FTests.swift in Sources */,
				34C0764D3FC40C6E4219A9DB /* TTests.swift in Sources */,
				34C0743173F7B644951EE766 /* DivideTests.swift in Sources */,
				34C07EC6B8BEBA322C151B2C /* MultiplyTests.swift in Sources */,
				34C077A0A8E99B91303BF5A2 /* NegateTests.swift in Sources */,
				34C07E335E5364425D1CC14B /* ModuloTests.swift in Sources */,
				34C07297EB4D6785B8C986AE /* IncTests.swift in Sources */,
			);
			runOnlyForDeploymentPostprocessing = 0;
		};
/* End PBXSourcesBuildPhase section */

/* Begin PBXTargetDependency section */
		607FACE71AFB9204008FA782 /* PBXTargetDependency */ = {
			isa = PBXTargetDependency;
			target = 607FACCF1AFB9204008FA782 /* Ramda_Example */;
			targetProxy = 607FACE61AFB9204008FA782 /* PBXContainerItemProxy */;
		};
/* End PBXTargetDependency section */

/* Begin PBXVariantGroup section */
		607FACD91AFB9204008FA782 /* Main.storyboard */ = {
			isa = PBXVariantGroup;
			children = (
				607FACDA1AFB9204008FA782 /* Base */,
			);
			name = Main.storyboard;
			sourceTree = "<group>";
		};
		607FACDE1AFB9204008FA782 /* LaunchScreen.xib */ = {
			isa = PBXVariantGroup;
			children = (
				607FACDF1AFB9204008FA782 /* Base */,
			);
			name = LaunchScreen.xib;
			sourceTree = "<group>";
		};
/* End PBXVariantGroup section */

/* Begin XCBuildConfiguration section */
		607FACED1AFB9204008FA782 /* Debug */ = {
			isa = XCBuildConfiguration;
			buildSettings = {
				ALWAYS_SEARCH_USER_PATHS = NO;
				CLANG_CXX_LANGUAGE_STANDARD = "gnu++0x";
				CLANG_CXX_LIBRARY = "libc++";
				CLANG_ENABLE_MODULES = YES;
				CLANG_ENABLE_OBJC_ARC = YES;
				CLANG_WARN_ASSIGN_ENUM = YES;
				CLANG_WARN_BOOL_CONVERSION = YES;
				CLANG_WARN_CONSTANT_CONVERSION = YES;
				CLANG_WARN_DIRECT_OBJC_ISA_USAGE = YES_ERROR;
				CLANG_WARN_DOCUMENTATION_COMMENTS = YES;
				CLANG_WARN_EMPTY_BODY = YES;
				CLANG_WARN_ENUM_CONVERSION = YES;
				CLANG_WARN_IMPLICIT_SIGN_CONVERSION = YES;
				CLANG_WARN_INT_CONVERSION = YES;
				CLANG_WARN_NULLABLE_TO_NONNULL_CONVERSION = YES;
				CLANG_WARN_OBJC_ROOT_CLASS = YES_ERROR;
				CLANG_WARN_SUSPICIOUS_IMPLICIT_CONVERSION = YES;
				CLANG_WARN_UNREACHABLE_CODE = YES;
				CLANG_WARN__DUPLICATE_METHOD_MATCH = YES;
				"CODE_SIGN_IDENTITY[sdk=iphoneos*]" = "iPhone Developer";
				COPY_PHASE_STRIP = NO;
				DEBUG_INFORMATION_FORMAT = "dwarf-with-dsym";
				ENABLE_STRICT_OBJC_MSGSEND = YES;
				ENABLE_TESTABILITY = YES;
				GCC_C_LANGUAGE_STANDARD = gnu99;
				GCC_DYNAMIC_NO_PIC = NO;
				GCC_NO_COMMON_BLOCKS = YES;
				GCC_OPTIMIZATION_LEVEL = 0;
				GCC_PREPROCESSOR_DEFINITIONS = (
					"DEBUG=1",
					"$(inherited)",
				);
				GCC_SYMBOLS_PRIVATE_EXTERN = NO;
				GCC_TREAT_IMPLICIT_FUNCTION_DECLARATIONS_AS_ERRORS = YES;
				GCC_TREAT_INCOMPATIBLE_POINTER_TYPE_WARNINGS_AS_ERRORS = YES;
				GCC_TREAT_WARNINGS_AS_ERRORS = YES;
				GCC_WARN_64_TO_32_BIT_CONVERSION = YES;
				GCC_WARN_ABOUT_MISSING_FIELD_INITIALIZERS = YES;
				GCC_WARN_ABOUT_MISSING_NEWLINE = YES;
				GCC_WARN_ABOUT_MISSING_PROTOTYPES = YES;
				GCC_WARN_ABOUT_RETURN_TYPE = YES_ERROR;
				GCC_WARN_FOUR_CHARACTER_CONSTANTS = YES;
				GCC_WARN_INITIALIZER_NOT_FULLY_BRACKETED = YES;
				GCC_WARN_SHADOW = YES;
				GCC_WARN_SIGN_COMPARE = YES;
				GCC_WARN_UNDECLARED_SELECTOR = YES;
				GCC_WARN_UNINITIALIZED_AUTOS = YES_AGGRESSIVE;
				GCC_WARN_UNKNOWN_PRAGMAS = YES;
				GCC_WARN_UNUSED_FUNCTION = YES;
				GCC_WARN_UNUSED_LABEL = YES;
				GCC_WARN_UNUSED_PARAMETER = YES;
				GCC_WARN_UNUSED_VARIABLE = YES;
				IPHONEOS_DEPLOYMENT_TARGET = 8.3;
				MTL_ENABLE_DEBUG_INFO = YES;
				ONLY_ACTIVE_ARCH = YES;
				SDKROOT = iphoneos;
				SWIFT_OPTIMIZATION_LEVEL = "-Onone";
			};
			name = Debug;
		};
		607FACEE1AFB9204008FA782 /* Release */ = {
			isa = XCBuildConfiguration;
			buildSettings = {
				ALWAYS_SEARCH_USER_PATHS = NO;
				CLANG_CXX_LANGUAGE_STANDARD = "gnu++0x";
				CLANG_CXX_LIBRARY = "libc++";
				CLANG_ENABLE_MODULES = YES;
				CLANG_ENABLE_OBJC_ARC = YES;
				CLANG_WARN_ASSIGN_ENUM = YES;
				CLANG_WARN_BOOL_CONVERSION = YES;
				CLANG_WARN_CONSTANT_CONVERSION = YES;
				CLANG_WARN_DIRECT_OBJC_ISA_USAGE = YES_ERROR;
				CLANG_WARN_DOCUMENTATION_COMMENTS = YES;
				CLANG_WARN_EMPTY_BODY = YES;
				CLANG_WARN_ENUM_CONVERSION = YES;
				CLANG_WARN_IMPLICIT_SIGN_CONVERSION = YES;
				CLANG_WARN_INT_CONVERSION = YES;
				CLANG_WARN_NULLABLE_TO_NONNULL_CONVERSION = YES;
				CLANG_WARN_OBJC_ROOT_CLASS = YES_ERROR;
				CLANG_WARN_SUSPICIOUS_IMPLICIT_CONVERSION = YES;
				CLANG_WARN_UNREACHABLE_CODE = YES;
				CLANG_WARN__DUPLICATE_METHOD_MATCH = YES;
				"CODE_SIGN_IDENTITY[sdk=iphoneos*]" = "iPhone Developer";
				COPY_PHASE_STRIP = NO;
				DEBUG_INFORMATION_FORMAT = "dwarf-with-dsym";
				ENABLE_NS_ASSERTIONS = NO;
				ENABLE_STRICT_OBJC_MSGSEND = YES;
				GCC_C_LANGUAGE_STANDARD = gnu99;
				GCC_NO_COMMON_BLOCKS = YES;
				GCC_TREAT_IMPLICIT_FUNCTION_DECLARATIONS_AS_ERRORS = YES;
				GCC_TREAT_INCOMPATIBLE_POINTER_TYPE_WARNINGS_AS_ERRORS = YES;
				GCC_TREAT_WARNINGS_AS_ERRORS = YES;
				GCC_WARN_64_TO_32_BIT_CONVERSION = YES;
				GCC_WARN_ABOUT_MISSING_FIELD_INITIALIZERS = YES;
				GCC_WARN_ABOUT_MISSING_NEWLINE = YES;
				GCC_WARN_ABOUT_MISSING_PROTOTYPES = YES;
				GCC_WARN_ABOUT_RETURN_TYPE = YES_ERROR;
				GCC_WARN_FOUR_CHARACTER_CONSTANTS = YES;
				GCC_WARN_INITIALIZER_NOT_FULLY_BRACKETED = YES;
				GCC_WARN_SHADOW = YES;
				GCC_WARN_SIGN_COMPARE = YES;
				GCC_WARN_UNDECLARED_SELECTOR = YES;
				GCC_WARN_UNINITIALIZED_AUTOS = YES_AGGRESSIVE;
				GCC_WARN_UNKNOWN_PRAGMAS = YES;
				GCC_WARN_UNUSED_FUNCTION = YES;
				GCC_WARN_UNUSED_LABEL = YES;
				GCC_WARN_UNUSED_PARAMETER = YES;
				GCC_WARN_UNUSED_VARIABLE = YES;
				IPHONEOS_DEPLOYMENT_TARGET = 8.3;
				MTL_ENABLE_DEBUG_INFO = NO;
				SDKROOT = iphoneos;
				VALIDATE_PRODUCT = YES;
			};
			name = Release;
		};
		607FACF01AFB9204008FA782 /* Debug */ = {
			isa = XCBuildConfiguration;
			baseConfigurationReference = 4C32FAB1AA0212E8E9E08135 /* Pods-Ramda_Example.debug.xcconfig */;
			buildSettings = {
				ASSETCATALOG_COMPILER_APPICON_NAME = AppIcon;
				INFOPLIST_FILE = Ramda/Info.plist;
				LD_RUNPATH_SEARCH_PATHS = "$(inherited) @executable_path/Frameworks";
				MODULE_NAME = ExampleApp;
				PRODUCT_BUNDLE_IDENTIFIER = "org.cocoapods.demo.$(PRODUCT_NAME:rfc1034identifier)";
				PRODUCT_NAME = "$(TARGET_NAME)";
			};
			name = Debug;
		};
		607FACF11AFB9204008FA782 /* Release */ = {
			isa = XCBuildConfiguration;
			baseConfigurationReference = 2174DD057618ED66D09ADCC8 /* Pods-Ramda_Example.release.xcconfig */;
			buildSettings = {
				ASSETCATALOG_COMPILER_APPICON_NAME = AppIcon;
				INFOPLIST_FILE = Ramda/Info.plist;
				LD_RUNPATH_SEARCH_PATHS = "$(inherited) @executable_path/Frameworks";
				MODULE_NAME = ExampleApp;
				PRODUCT_BUNDLE_IDENTIFIER = "org.cocoapods.demo.$(PRODUCT_NAME:rfc1034identifier)";
				PRODUCT_NAME = "$(TARGET_NAME)";
			};
			name = Release;
		};
		607FACF31AFB9204008FA782 /* Debug */ = {
			isa = XCBuildConfiguration;
			baseConfigurationReference = 0B8C87380D5FE19F8D2401F9 /* Pods-Ramda_Tests.debug.xcconfig */;
			buildSettings = {
				FRAMEWORK_SEARCH_PATHS = "$(inherited)";
				GCC_PREPROCESSOR_DEFINITIONS = (
					"DEBUG=1",
					"$(inherited)",
				);
				INFOPLIST_FILE = Tests/Info.plist;
				LD_RUNPATH_SEARCH_PATHS = "$(inherited) @executable_path/Frameworks @loader_path/Frameworks";
				PRODUCT_BUNDLE_IDENTIFIER = "org.cocoapods.$(PRODUCT_NAME:rfc1034identifier)";
				PRODUCT_NAME = "$(TARGET_NAME)";
			};
			name = Debug;
		};
		607FACF41AFB9204008FA782 /* Release */ = {
			isa = XCBuildConfiguration;
			baseConfigurationReference = 9F52F67119E2A13F596D153D /* Pods-Ramda_Tests.release.xcconfig */;
			buildSettings = {
				FRAMEWORK_SEARCH_PATHS = "$(inherited)";
				INFOPLIST_FILE = Tests/Info.plist;
				LD_RUNPATH_SEARCH_PATHS = "$(inherited) @executable_path/Frameworks @loader_path/Frameworks";
				PRODUCT_BUNDLE_IDENTIFIER = "org.cocoapods.$(PRODUCT_NAME:rfc1034identifier)";
				PRODUCT_NAME = "$(TARGET_NAME)";
			};
			name = Release;
		};
/* End XCBuildConfiguration section */

/* Begin XCConfigurationList section */
		607FACCB1AFB9204008FA782 /* Build configuration list for PBXProject "Ramda" */ = {
			isa = XCConfigurationList;
			buildConfigurations = (
				607FACED1AFB9204008FA782 /* Debug */,
				607FACEE1AFB9204008FA782 /* Release */,
			);
			defaultConfigurationIsVisible = 0;
			defaultConfigurationName = Release;
		};
		607FACEF1AFB9204008FA782 /* Build configuration list for PBXNativeTarget "Ramda_Example" */ = {
			isa = XCConfigurationList;
			buildConfigurations = (
				607FACF01AFB9204008FA782 /* Debug */,
				607FACF11AFB9204008FA782 /* Release */,
			);
			defaultConfigurationIsVisible = 0;
			defaultConfigurationName = Release;
		};
		607FACF21AFB9204008FA782 /* Build configuration list for PBXNativeTarget "Ramda_Tests" */ = {
			isa = XCConfigurationList;
			buildConfigurations = (
				607FACF31AFB9204008FA782 /* Debug */,
				607FACF41AFB9204008FA782 /* Release */,
			);
			defaultConfigurationIsVisible = 0;
			defaultConfigurationName = Release;
		};
/* End XCConfigurationList section */
	};
	rootObject = 607FACC81AFB9204008FA782 /* Project object */;
}
